// !$*UTF8*$!
{
	archiveVersion = 1;
	classes = {
	};
	objectVersion = 56;
	objects = {

/* Begin PBXBuildFile section */
		3396E0762BD877D500213816 /* Menus.swift in Sources */ = {isa = PBXBuildFile; fileRef = 3396E0752BD877D500213816 /* Menus.swift */; };
		FF0146CB2B3DA1DF00A2A9F6 /* Settings.swift in Sources */ = {isa = PBXBuildFile; fileRef = FF0146CA2B3DA1DF00A2A9F6 /* Settings.swift */; };
		FF0146CD2B3DADCA00A2A9F6 /* HapticsService.swift in Sources */ = {isa = PBXBuildFile; fileRef = FF0146CC2B3DADCA00A2A9F6 /* HapticsService.swift */; };
		FF0611EA2C04A11800443B33 /* Magnet in Frameworks */ = {isa = PBXBuildFile; platformFilters = (macos, ); productRef = FF0611E92C04A11800443B33 /* Magnet */; };
		FF0611F12C04A2FB00443B33 /* Splash in Frameworks */ = {isa = PBXBuildFile; productRef = FF0611F02C04A2FB00443B33 /* Splash */; };
		FF0611F32C04BEFE00443B33 /* AVSpeechSynthesisVoice+Extension.swift in Sources */ = {isa = PBXBuildFile; fileRef = FF0611F22C04BEFD00443B33 /* AVSpeechSynthesisVoice+Extension.swift */; };
		FF1002302B2482BA0011A4DC /* ChatMessageView.swift in Sources */ = {isa = PBXBuildFile; fileRef = FF10022F2B2482BA0011A4DC /* ChatMessageView.swift */; };
		FF1002322B2483A20011A4DC /* Colours+Extension.swift in Sources */ = {isa = PBXBuildFile; fileRef = FF1002312B2483A20011A4DC /* Colours+Extension.swift */; };
		FF1002392B24BBF20011A4DC /* Chat.swift in Sources */ = {isa = PBXBuildFile; fileRef = FF1002382B24BBF20011A4DC /* Chat.swift */; };
		FF10023E2B24F4900011A4DC /* OllamaService.swift in Sources */ = {isa = PBXBuildFile; fileRef = FF10023D2B24F4900011A4DC /* OllamaService.swift */; };
		FF1002402B24F7320011A4DC /* SideBarMenuView.swift in Sources */ = {isa = PBXBuildFile; fileRef = FF10023F2B24F7320011A4DC /* SideBarMenuView.swift */; };
		FF1002442B25BB730011A4DC /* ConversationStore.swift in Sources */ = {isa = PBXBuildFile; fileRef = FF1002432B25BB730011A4DC /* ConversationStore.swift */; };
		FF1002462B25BCE70011A4DC /* LanguageModelStore.swift in Sources */ = {isa = PBXBuildFile; fileRef = FF1002452B25BCE70011A4DC /* LanguageModelStore.swift */; };
		FF10024A2B25BE740011A4DC /* LanguageModelSD.swift in Sources */ = {isa = PBXBuildFile; fileRef = FF1002492B25BE740011A4DC /* LanguageModelSD.swift */; };
		FF10024C2B25BEA00011A4DC /* MessageSD.swift in Sources */ = {isa = PBXBuildFile; fileRef = FF10024B2B25BEA00011A4DC /* MessageSD.swift */; };
		FF10024E2B25C2A70011A4DC /* ConversationSD.swift in Sources */ = {isa = PBXBuildFile; fileRef = FF10024D2B25C2A70011A4DC /* ConversationSD.swift */; };
		FF1002502B25C79F0011A4DC /* SwiftDataService.swift in Sources */ = {isa = PBXBuildFile; fileRef = FF10024F2B25C79F0011A4DC /* SwiftDataService.swift */; };
		FF1002522B2609980011A4DC /* ModelContext+Extension.swift in Sources */ = {isa = PBXBuildFile; fileRef = FF1002512B2609970011A4DC /* ModelContext+Extension.swift */; };
		FF1002542B261D460011A4DC /* MessageListVIew.swift in Sources */ = {isa = PBXBuildFile; fileRef = FF1002532B261D460011A4DC /* MessageListVIew.swift */; };
		FF10025A2B2624C40011A4DC /* ConversationHistoryListView.swift in Sources */ = {isa = PBXBuildFile; fileRef = FF1002592B2624C40011A4DC /* ConversationHistoryListView.swift */; };
		FF10025C2B2625BE0011A4DC /* SidebarView.swift in Sources */ = {isa = PBXBuildFile; fileRef = FF10025B2B2625BE0011A4DC /* SidebarView.swift */; };
		FF10025E2B2648460011A4DC /* ConversationState.swift in Sources */ = {isa = PBXBuildFile; fileRef = FF10025D2B2648460011A4DC /* ConversationState.swift */; };
		FF1002602B26499B0011A4DC /* ConversationStatusView.swift in Sources */ = {isa = PBXBuildFile; fileRef = FF10025F2B26499B0011A4DC /* ConversationStatusView.swift */; };
		FF1002662B2653EE0011A4DC /* ActivityIndicatorView in Frameworks */ = {isa = PBXBuildFile; productRef = FF1002652B2653EE0011A4DC /* ActivityIndicatorView */; };
		FF1002682B2668790011A4DC /* Date+Extension.swift in Sources */ = {isa = PBXBuildFile; fileRef = FF1002672B2668790011A4DC /* Date+Extension.swift */; };
		FF10026A2B2731C60011A4DC /* ModelSelectorView.swift in Sources */ = {isa = PBXBuildFile; fileRef = FF1002692B2731C60011A4DC /* ModelSelectorView.swift */; };
		FF10026D2B2751760011A4DC /* SettingsView.swift in Sources */ = {isa = PBXBuildFile; fileRef = FF10026C2B2751760011A4DC /* SettingsView.swift */; };
		FF1002732B276EC10011A4DC /* AppColorScheme.swift in Sources */ = {isa = PBXBuildFile; fileRef = FF1002722B276EC10011A4DC /* AppColorScheme.swift */; };
		FF1002752B278C170011A4DC /* AppStore.swift in Sources */ = {isa = PBXBuildFile; fileRef = FF1002742B278C170011A4DC /* AppStore.swift */; };
		FF15EF6A2B826C0300D4A541 /* SimpleFloatingButton.swift in Sources */ = {isa = PBXBuildFile; fileRef = FF15EF692B826C0300D4A541 /* SimpleFloatingButton.swift */; };
		FF1BC3C72BA0757700A58043 /* SplashSyntaxHighlighter+Extension.swift in Sources */ = {isa = PBXBuildFile; fileRef = FF1BC3C62BA0757700A58043 /* SplashSyntaxHighlighter+Extension.swift */; };
		FF226A652BE2A0EC00CC91F1 /* SelectTextSheet.swift in Sources */ = {isa = PBXBuildFile; fileRef = FF226A642BE2A0EC00CC91F1 /* SelectTextSheet.swift */; };
		FF24B30E2B66BE8500AB618F /* RunningBorder.swift in Sources */ = {isa = PBXBuildFile; fileRef = FF24B30D2B66BE8500AB618F /* RunningBorder.swift */; };
		FF2F03422B795E0B00349855 /* Clipboard.swift in Sources */ = {isa = PBXBuildFile; fileRef = FF2F03412B795E0B00349855 /* Clipboard.swift */; };
		FF2F03442B79631800349855 /* Button+Extension.swift in Sources */ = {isa = PBXBuildFile; fileRef = FF2F03432B79631800349855 /* Button+Extension.swift */; };
		FF2F03492B796A6500349855 /* HotkeyService.swift in Sources */ = {isa = PBXBuildFile; fileRef = FF2F03482B796A6500349855 /* HotkeyService.swift */; };
		FF33066C2B83BB31007B33E5 /* SidebarButton.swift in Sources */ = {isa = PBXBuildFile; fileRef = FF33066B2B83BB31007B33E5 /* SidebarButton.swift */; };
		FF33066E2B83CFEC007B33E5 /* KeyboardShortcuts.swift in Sources */ = {isa = PBXBuildFile; fileRef = FF33066D2B83CFEC007B33E5 /* KeyboardShortcuts.swift */; };
		FF38F84F2B7A7B6700546B56 /* MenuBarControlView_macOS.swift in Sources */ = {isa = PBXBuildFile; fileRef = FF38F84E2B7A7B6700546B56 /* MenuBarControlView_macOS.swift */; };
		FF38F8512B7A919C00546B56 /* MenuBarControl_macOS.swift in Sources */ = {isa = PBXBuildFile; fileRef = FF38F8502B7A919C00546B56 /* MenuBarControl_macOS.swift */; };
		FF38F8532B7AA9C400546B56 /* ApplicationEntry.swift in Sources */ = {isa = PBXBuildFile; fileRef = FF38F8522B7AA9C400546B56 /* ApplicationEntry.swift */; };
		FF38F8562B7AB01E00546B56 /* FloatingPanel.swift in Sources */ = {isa = PBXBuildFile; fileRef = FF38F8552B7AB01E00546B56 /* FloatingPanel.swift */; };
		FF38F8582B7AB1AD00546B56 /* PanelManager.swift in Sources */ = {isa = PBXBuildFile; fileRef = FF38F8572B7AB1AD00546B56 /* PanelManager.swift */; };
		FF38F85A2B7AB28300546B56 /* PromptPanelView.swift in Sources */ = {isa = PBXBuildFile; fileRef = FF38F8592B7AB28300546B56 /* PromptPanelView.swift */; };
		FF38F85C2B7ABC2C00546B56 /* PromptPanel.swift in Sources */ = {isa = PBXBuildFile; fileRef = FF38F85B2B7ABC2C00546B56 /* PromptPanel.swift */; };
		FF4A605D2BC3587800D7BD4F /* KeyboardShortcuts in Frameworks */ = {isa = PBXBuildFile; productRef = FF4A605C2BC3587800D7BD4F /* KeyboardShortcuts */; };
		FF5FA0D62B35169400BC471D /* Binding+Extension.swift in Sources */ = {isa = PBXBuildFile; fileRef = FF5FA0D52B35169400BC471D /* Binding+Extension.swift */; };
		FF66A51D2B76949A00FAAC1E /* Helpers.swift in Sources */ = {isa = PBXBuildFile; fileRef = FF66A51C2B76949A00FAAC1E /* Helpers.swift */; };
		FF6B7B132B3EE7AC00E8FEA3 /* Throttler.swift in Sources */ = {isa = PBXBuildFile; fileRef = FF6B7B122B3EE7AC00E8FEA3 /* Throttler.swift */; };
		FF6D820D2B90C925001183A8 /* CompletionPanelView.swift in Sources */ = {isa = PBXBuildFile; fileRef = FF6D820C2B90C925001183A8 /* CompletionPanelView.swift */; };
		FF6D82122B911079001183A8 /* PanelCompletionsVM.swift in Sources */ = {isa = PBXBuildFile; fileRef = FF6D82112B911079001183A8 /* PanelCompletionsVM.swift */; };
		FF6D82152B911536001183A8 /* Accessibility.swift in Sources */ = {isa = PBXBuildFile; fileRef = FF6D82142B911536001183A8 /* Accessibility.swift */; };
		FF6D82172B9122F9001183A8 /* CompletionInstructionSD.swift in Sources */ = {isa = PBXBuildFile; fileRef = FF6D82162B9122F9001183A8 /* CompletionInstructionSD.swift */; };
		FF6D82192B912804001183A8 /* CompletionButtonView.swift in Sources */ = {isa = PBXBuildFile; fileRef = FF6D82182B912804001183A8 /* CompletionButtonView.swift */; };
		FF6D821C2B914202001183A8 /* CompletionsEditorView.swift in Sources */ = {isa = PBXBuildFile; fileRef = FF6D821B2B914202001183A8 /* CompletionsEditorView.swift */; };
		FF6D821E2B916053001183A8 /* UpsertCompletionView.swift in Sources */ = {isa = PBXBuildFile; fileRef = FF6D821D2B916053001183A8 /* UpsertCompletionView.swift */; };
		FF6D82202B916CC3001183A8 /* CompletionsEditor.swift in Sources */ = {isa = PBXBuildFile; fileRef = FF6D821F2B916CC3001183A8 /* CompletionsEditor.swift */; };
		FF6D82252B9204F3001183A8 /* AsyncQueue.swift in Sources */ = {isa = PBXBuildFile; fileRef = FF6D82242B9204F3001183A8 /* AsyncQueue.swift */; };
		FF7FBE4C2B78E384000901F7 /* SamplePrompt.swift in Sources */ = {isa = PBXBuildFile; fileRef = FF7FBE4B2B78E384000901F7 /* SamplePrompt.swift */; };
		FF911DF12B98F08800915E94 /* WrappingHStack in Frameworks */ = {isa = PBXBuildFile; productRef = FF911DF02B98F08800915E94 /* WrappingHStack */; };
		FF9300D42B778829000859F4 /* ChatView_macOS.swift in Sources */ = {isa = PBXBuildFile; fileRef = FF9300D32B778829000859F4 /* ChatView_macOS.swift */; };
		FF9300DA2B781D97000859F4 /* ToolbarView_macOS.swift in Sources */ = {isa = PBXBuildFile; fileRef = FF9300D92B781D97000859F4 /* ToolbarView_macOS.swift */; };
		FF9300DC2B7823B0000859F4 /* EmptyConversaitonView.swift in Sources */ = {isa = PBXBuildFile; fileRef = FF9300DB2B7823B0000859F4 /* EmptyConversaitonView.swift */; };
		FF9300DE2B782A28000859F4 /* UnreachableAPIView.swift in Sources */ = {isa = PBXBuildFile; fileRef = FF9300DD2B782A28000859F4 /* UnreachableAPIView.swift */; };
		FF9300E02B783945000859F4 /* InputFields_macOS.swift in Sources */ = {isa = PBXBuildFile; fileRef = FF9300DF2B783945000859F4 /* InputFields_macOS.swift */; };
		FF9C920A2BF0B7B1004C8275 /* LanguageModel.swift in Sources */ = {isa = PBXBuildFile; fileRef = FF9C92092BF0B7B1004C8275 /* LanguageModel.swift */; };
		FF9C920C2BF0C088004C8275 /* OptionsMenuView.swift in Sources */ = {isa = PBXBuildFile; fileRef = FF9C920B2BF0C088004C8275 /* OptionsMenuView.swift */; };
		FFB0327D2B312F3D0066A9DB /* RecordingView.swift in Sources */ = {isa = PBXBuildFile; fileRef = FFB0327C2B312F3D0066A9DB /* RecordingView.swift */; };
		FFB21A872B7BD0BA00D148A4 /* KeyboardReadable+Extension.swift in Sources */ = {isa = PBXBuildFile; fileRef = FFB21A862B7BD0BA00D148A4 /* KeyboardReadable+Extension.swift */; };
		FFB56F432C0353CF0020AFFD /* ReadingAloudView.swift in Sources */ = {isa = PBXBuildFile; fileRef = FFB56F422C0353CF0020AFFD /* ReadingAloudView.swift */; };
		FFB56F462C0383B80020AFFD /* VoiceView.swift in Sources */ = {isa = PBXBuildFile; fileRef = FFB56F452C0383B80020AFFD /* VoiceView.swift */; };
		FFBB2C7B2C03D8AD00509204 /* Voice.swift in Sources */ = {isa = PBXBuildFile; fileRef = FFBB2C7A2C03D8AD00509204 /* Voice.swift */; };
		FFBB2C7D2C047B6C00509204 /* Image+Extension.swift in Sources */ = {isa = PBXBuildFile; fileRef = FFBB2C7C2C047B6B00509204 /* Image+Extension.swift */; };
		FFBBF4842B34881B008D611C /* SpeechRecogniser.swift in Sources */ = {isa = PBXBuildFile; fileRef = FFBBF4832B34881B008D611C /* SpeechRecogniser.swift */; };
		FFBBF4882B34F9C8008D611C /* View+Extension.swift in Sources */ = {isa = PBXBuildFile; fileRef = FFBBF4872B34F9C8008D611C /* View+Extension.swift */; };
		FFBBF48A2B350283008D611C /* SelectedImageView.swift in Sources */ = {isa = PBXBuildFile; fileRef = FFBBF4892B350283008D611C /* SelectedImageView.swift */; };
		FFBBF48C2B35051D008D611C /* UIImage+Extension.swift in Sources */ = {isa = PBXBuildFile; fileRef = FFBBF48B2B35051D008D611C /* UIImage+Extension.swift */; };
		FFCF00F12C03209A00590E79 /* SpeechService.swift in Sources */ = {isa = PBXBuildFile; fileRef = FFCF00F02C03209A00590E79 /* SpeechService.swift */; };
		FFD57E302BF29145003FEFF1 /* MarkdownColours.swift in Sources */ = {isa = PBXBuildFile; fileRef = FFD57E2F2BF29145003FEFF1 /* MarkdownColours.swift */; };
		FFD57E322BF291B2003FEFF1 /* CodeBlockView.swift in Sources */ = {isa = PBXBuildFile; fileRef = FFD57E312BF291B2003FEFF1 /* CodeBlockView.swift */; };
		FFD5FAD22B8130490055AB51 /* Vortex in Frameworks */ = {isa = PBXBuildFile; productRef = FF464B122B8026DA008E5130 /* Vortex */; };
		FFD5FAD52B8130CE0055AB51 /* OllamaKit in Frameworks */ = {isa = PBXBuildFile; productRef = FFD5FAD42B8130CE0055AB51 /* OllamaKit */; };
		FFE21C782B82353A00A69B9C /* SleepTest.swift in Sources */ = {isa = PBXBuildFile; fileRef = FFE21C772B82353A00A69B9C /* SleepTest.swift */; };
		FFE2C8232B9A657A00BD82F3 /* Accessibility.plist in Resources */ = {isa = PBXBuildFile; fileRef = FFE2C8222B9A657A00BD82F3 /* Accessibility.plist */; };
		FFEB9CA82BA04304004B1F3D /* NotificationMessage.swift in Sources */ = {isa = PBXBuildFile; fileRef = FFEB9CA72BA04304004B1F3D /* NotificationMessage.swift */; };
		FFEC32912B24779A003E5C04 /* EnchantedApp.swift in Sources */ = {isa = PBXBuildFile; fileRef = FFEC32902B24779A003E5C04 /* EnchantedApp.swift */; };
		FFEC32972B24779B003E5C04 /* Assets.xcassets in Resources */ = {isa = PBXBuildFile; fileRef = FFEC32962B24779B003E5C04 /* Assets.xcassets */; };
		FFEC329B2B24779B003E5C04 /* Preview Assets.xcassets in Resources */ = {isa = PBXBuildFile; fileRef = FFEC329A2B24779B003E5C04 /* Preview Assets.xcassets */; };
		FFEC32AA2B24797C003E5C04 /* ChatView_iOS.swift in Sources */ = {isa = PBXBuildFile; fileRef = FFEC32A92B24797C003E5C04 /* ChatView_iOS.swift */; };
		FFEC9BDF2B8131B900AFBA63 /* HotKeys.swift in Sources */ = {isa = PBXBuildFile; fileRef = FFEC9BDE2B8131B900AFBA63 /* HotKeys.swift */; };
		FFEC9BE12B81327B00AFBA63 /* DragAndDrop.swift in Sources */ = {isa = PBXBuildFile; fileRef = FFEC9BE02B81327B00AFBA63 /* DragAndDrop.swift */; };
		FFEC9BE32B81358800AFBA63 /* DeallocPrinter.swift in Sources */ = {isa = PBXBuildFile; fileRef = FFEC9BE22B81358800AFBA63 /* DeallocPrinter.swift */; };
		FFEC9BE72B813A8D00AFBA63 /* RemovableImage.swift in Sources */ = {isa = PBXBuildFile; fileRef = FFEC9BE62B813A8D00AFBA63 /* RemovableImage.swift */; };
		FFF993592BDFBDCC004DCF19 /* MarkdownUI in Frameworks */ = {isa = PBXBuildFile; productRef = FFF993582BDFBDCC004DCF19 /* MarkdownUI */; };
		FFFD00C22B92607800392AE6 /* CompletionsStore.swift in Sources */ = {isa = PBXBuildFile; fileRef = FFFD00C12B92607800392AE6 /* CompletionsStore.swift */; };
		FFFD00C92B94CB5E00392AE6 /* AsyncAlgorithms in Frameworks */ = {isa = PBXBuildFile; productRef = FFFD00C82B94CB5E00392AE6 /* AsyncAlgorithms */; };
/* End PBXBuildFile section */

/* Begin PBXFileReference section */
		3396E0752BD877D500213816 /* Menus.swift */ = {isa = PBXFileReference; lastKnownFileType = sourcecode.swift; path = Menus.swift; sourceTree = "<group>"; };
		FF0146CA2B3DA1DF00A2A9F6 /* Settings.swift */ = {isa = PBXFileReference; lastKnownFileType = sourcecode.swift; path = Settings.swift; sourceTree = "<group>"; };
		FF0146CC2B3DADCA00A2A9F6 /* HapticsService.swift */ = {isa = PBXFileReference; lastKnownFileType = sourcecode.swift; path = HapticsService.swift; sourceTree = "<group>"; };
		FF0611F22C04BEFD00443B33 /* AVSpeechSynthesisVoice+Extension.swift */ = {isa = PBXFileReference; lastKnownFileType = sourcecode.swift; path = "AVSpeechSynthesisVoice+Extension.swift"; sourceTree = "<group>"; };
		FF10022F2B2482BA0011A4DC /* ChatMessageView.swift */ = {isa = PBXFileReference; lastKnownFileType = sourcecode.swift; path = ChatMessageView.swift; sourceTree = "<group>"; };
		FF1002312B2483A20011A4DC /* Colours+Extension.swift */ = {isa = PBXFileReference; lastKnownFileType = sourcecode.swift; path = "Colours+Extension.swift"; sourceTree = "<group>"; };
		FF1002382B24BBF20011A4DC /* Chat.swift */ = {isa = PBXFileReference; lastKnownFileType = sourcecode.swift; path = Chat.swift; sourceTree = "<group>"; };
		FF10023D2B24F4900011A4DC /* OllamaService.swift */ = {isa = PBXFileReference; lastKnownFileType = sourcecode.swift; path = OllamaService.swift; sourceTree = "<group>"; };
		FF10023F2B24F7320011A4DC /* SideBarMenuView.swift */ = {isa = PBXFileReference; lastKnownFileType = sourcecode.swift; path = SideBarMenuView.swift; sourceTree = "<group>"; };
		FF1002432B25BB730011A4DC /* ConversationStore.swift */ = {isa = PBXFileReference; lastKnownFileType = sourcecode.swift; path = ConversationStore.swift; sourceTree = "<group>"; };
		FF1002452B25BCE70011A4DC /* LanguageModelStore.swift */ = {isa = PBXFileReference; lastKnownFileType = sourcecode.swift; path = LanguageModelStore.swift; sourceTree = "<group>"; };
		FF1002492B25BE740011A4DC /* LanguageModelSD.swift */ = {isa = PBXFileReference; lastKnownFileType = sourcecode.swift; path = LanguageModelSD.swift; sourceTree = "<group>"; };
		FF10024B2B25BEA00011A4DC /* MessageSD.swift */ = {isa = PBXFileReference; lastKnownFileType = sourcecode.swift; path = MessageSD.swift; sourceTree = "<group>"; };
		FF10024D2B25C2A70011A4DC /* ConversationSD.swift */ = {isa = PBXFileReference; lastKnownFileType = sourcecode.swift; path = ConversationSD.swift; sourceTree = "<group>"; };
		FF10024F2B25C79F0011A4DC /* SwiftDataService.swift */ = {isa = PBXFileReference; lastKnownFileType = sourcecode.swift; path = SwiftDataService.swift; sourceTree = "<group>"; };
		FF1002512B2609970011A4DC /* ModelContext+Extension.swift */ = {isa = PBXFileReference; lastKnownFileType = sourcecode.swift; path = "ModelContext+Extension.swift"; sourceTree = "<group>"; };
		FF1002532B261D460011A4DC /* MessageListVIew.swift */ = {isa = PBXFileReference; lastKnownFileType = sourcecode.swift; path = MessageListVIew.swift; sourceTree = "<group>"; };
		FF1002592B2624C40011A4DC /* ConversationHistoryListView.swift */ = {isa = PBXFileReference; lastKnownFileType = sourcecode.swift; path = ConversationHistoryListView.swift; sourceTree = "<group>"; };
		FF10025B2B2625BE0011A4DC /* SidebarView.swift */ = {isa = PBXFileReference; lastKnownFileType = sourcecode.swift; path = SidebarView.swift; sourceTree = "<group>"; };
		FF10025D2B2648460011A4DC /* ConversationState.swift */ = {isa = PBXFileReference; lastKnownFileType = sourcecode.swift; path = ConversationState.swift; sourceTree = "<group>"; };
		FF10025F2B26499B0011A4DC /* ConversationStatusView.swift */ = {isa = PBXFileReference; lastKnownFileType = sourcecode.swift; path = ConversationStatusView.swift; sourceTree = "<group>"; };
		FF1002672B2668790011A4DC /* Date+Extension.swift */ = {isa = PBXFileReference; lastKnownFileType = sourcecode.swift; path = "Date+Extension.swift"; sourceTree = "<group>"; };
		FF1002692B2731C60011A4DC /* ModelSelectorView.swift */ = {isa = PBXFileReference; lastKnownFileType = sourcecode.swift; path = ModelSelectorView.swift; sourceTree = "<group>"; };
		FF10026C2B2751760011A4DC /* SettingsView.swift */ = {isa = PBXFileReference; lastKnownFileType = sourcecode.swift; path = SettingsView.swift; sourceTree = "<group>"; };
		FF1002722B276EC10011A4DC /* AppColorScheme.swift */ = {isa = PBXFileReference; lastKnownFileType = sourcecode.swift; path = AppColorScheme.swift; sourceTree = "<group>"; };
		FF1002742B278C170011A4DC /* AppStore.swift */ = {isa = PBXFileReference; lastKnownFileType = sourcecode.swift; path = AppStore.swift; sourceTree = "<group>"; };
		FF15EF692B826C0300D4A541 /* SimpleFloatingButton.swift */ = {isa = PBXFileReference; lastKnownFileType = sourcecode.swift; path = SimpleFloatingButton.swift; sourceTree = "<group>"; };
		FF1BC3C62BA0757700A58043 /* SplashSyntaxHighlighter+Extension.swift */ = {isa = PBXFileReference; lastKnownFileType = sourcecode.swift; path = "SplashSyntaxHighlighter+Extension.swift"; sourceTree = "<group>"; };
		FF226A642BE2A0EC00CC91F1 /* SelectTextSheet.swift */ = {isa = PBXFileReference; lastKnownFileType = sourcecode.swift; path = SelectTextSheet.swift; sourceTree = "<group>"; };
		FF24B30D2B66BE8500AB618F /* RunningBorder.swift */ = {isa = PBXFileReference; lastKnownFileType = sourcecode.swift; path = RunningBorder.swift; sourceTree = "<group>"; };
		FF2F03412B795E0B00349855 /* Clipboard.swift */ = {isa = PBXFileReference; lastKnownFileType = sourcecode.swift; path = Clipboard.swift; sourceTree = "<group>"; };
		FF2F03432B79631800349855 /* Button+Extension.swift */ = {isa = PBXFileReference; lastKnownFileType = sourcecode.swift; path = "Button+Extension.swift"; sourceTree = "<group>"; };
		FF2F03482B796A6500349855 /* HotkeyService.swift */ = {isa = PBXFileReference; lastKnownFileType = sourcecode.swift; path = HotkeyService.swift; sourceTree = "<group>"; };
		FF33066B2B83BB31007B33E5 /* SidebarButton.swift */ = {isa = PBXFileReference; lastKnownFileType = sourcecode.swift; path = SidebarButton.swift; sourceTree = "<group>"; };
		FF33066D2B83CFEC007B33E5 /* KeyboardShortcuts.swift */ = {isa = PBXFileReference; lastKnownFileType = sourcecode.swift; path = KeyboardShortcuts.swift; sourceTree = "<group>"; };
		FF38F84E2B7A7B6700546B56 /* MenuBarControlView_macOS.swift */ = {isa = PBXFileReference; lastKnownFileType = sourcecode.swift; path = MenuBarControlView_macOS.swift; sourceTree = "<group>"; };
		FF38F8502B7A919C00546B56 /* MenuBarControl_macOS.swift */ = {isa = PBXFileReference; lastKnownFileType = sourcecode.swift; path = MenuBarControl_macOS.swift; sourceTree = "<group>"; };
		FF38F8522B7AA9C400546B56 /* ApplicationEntry.swift */ = {isa = PBXFileReference; lastKnownFileType = sourcecode.swift; path = ApplicationEntry.swift; sourceTree = "<group>"; };
		FF38F8552B7AB01E00546B56 /* FloatingPanel.swift */ = {isa = PBXFileReference; lastKnownFileType = sourcecode.swift; path = FloatingPanel.swift; sourceTree = "<group>"; };
		FF38F8572B7AB1AD00546B56 /* PanelManager.swift */ = {isa = PBXFileReference; lastKnownFileType = sourcecode.swift; path = PanelManager.swift; sourceTree = "<group>"; };
		FF38F8592B7AB28300546B56 /* PromptPanelView.swift */ = {isa = PBXFileReference; lastKnownFileType = sourcecode.swift; path = PromptPanelView.swift; sourceTree = "<group>"; };
		FF38F85B2B7ABC2C00546B56 /* PromptPanel.swift */ = {isa = PBXFileReference; lastKnownFileType = sourcecode.swift; path = PromptPanel.swift; sourceTree = "<group>"; };
		FF5FA0D52B35169400BC471D /* Binding+Extension.swift */ = {isa = PBXFileReference; lastKnownFileType = sourcecode.swift; path = "Binding+Extension.swift"; sourceTree = "<group>"; };
		FF66A51C2B76949A00FAAC1E /* Helpers.swift */ = {isa = PBXFileReference; lastKnownFileType = sourcecode.swift; path = Helpers.swift; sourceTree = "<group>"; };
		FF6B7B122B3EE7AC00E8FEA3 /* Throttler.swift */ = {isa = PBXFileReference; lastKnownFileType = sourcecode.swift; path = Throttler.swift; sourceTree = "<group>"; };
		FF6D820C2B90C925001183A8 /* CompletionPanelView.swift */ = {isa = PBXFileReference; lastKnownFileType = sourcecode.swift; path = CompletionPanelView.swift; sourceTree = "<group>"; };
		FF6D82112B911079001183A8 /* PanelCompletionsVM.swift */ = {isa = PBXFileReference; lastKnownFileType = sourcecode.swift; path = PanelCompletionsVM.swift; sourceTree = "<group>"; };
		FF6D82142B911536001183A8 /* Accessibility.swift */ = {isa = PBXFileReference; lastKnownFileType = sourcecode.swift; path = Accessibility.swift; sourceTree = "<group>"; };
		FF6D82162B9122F9001183A8 /* CompletionInstructionSD.swift */ = {isa = PBXFileReference; lastKnownFileType = sourcecode.swift; path = CompletionInstructionSD.swift; sourceTree = "<group>"; };
		FF6D82182B912804001183A8 /* CompletionButtonView.swift */ = {isa = PBXFileReference; lastKnownFileType = sourcecode.swift; path = CompletionButtonView.swift; sourceTree = "<group>"; };
		FF6D821B2B914202001183A8 /* CompletionsEditorView.swift */ = {isa = PBXFileReference; lastKnownFileType = sourcecode.swift; path = CompletionsEditorView.swift; sourceTree = "<group>"; };
		FF6D821D2B916053001183A8 /* UpsertCompletionView.swift */ = {isa = PBXFileReference; lastKnownFileType = sourcecode.swift; path = UpsertCompletionView.swift; sourceTree = "<group>"; };
		FF6D821F2B916CC3001183A8 /* CompletionsEditor.swift */ = {isa = PBXFileReference; lastKnownFileType = sourcecode.swift; path = CompletionsEditor.swift; sourceTree = "<group>"; };
		FF6D82242B9204F3001183A8 /* AsyncQueue.swift */ = {isa = PBXFileReference; lastKnownFileType = sourcecode.swift; path = AsyncQueue.swift; sourceTree = "<group>"; };
		FF7FBE4B2B78E384000901F7 /* SamplePrompt.swift */ = {isa = PBXFileReference; lastKnownFileType = sourcecode.swift; path = SamplePrompt.swift; sourceTree = "<group>"; };
		FF9300D32B778829000859F4 /* ChatView_macOS.swift */ = {isa = PBXFileReference; lastKnownFileType = sourcecode.swift; path = ChatView_macOS.swift; sourceTree = "<group>"; };
		FF9300D92B781D97000859F4 /* ToolbarView_macOS.swift */ = {isa = PBXFileReference; lastKnownFileType = sourcecode.swift; path = ToolbarView_macOS.swift; sourceTree = "<group>"; };
		FF9300DB2B7823B0000859F4 /* EmptyConversaitonView.swift */ = {isa = PBXFileReference; lastKnownFileType = sourcecode.swift; path = EmptyConversaitonView.swift; sourceTree = "<group>"; };
		FF9300DD2B782A28000859F4 /* UnreachableAPIView.swift */ = {isa = PBXFileReference; lastKnownFileType = sourcecode.swift; path = UnreachableAPIView.swift; sourceTree = "<group>"; };
		FF9300DF2B783945000859F4 /* InputFields_macOS.swift */ = {isa = PBXFileReference; lastKnownFileType = sourcecode.swift; path = InputFields_macOS.swift; sourceTree = "<group>"; };
		FF9C92072BF0B464004C8275 /* EnchantedDebug.entitlements */ = {isa = PBXFileReference; fileEncoding = 4; lastKnownFileType = text.plist.entitlements; path = EnchantedDebug.entitlements; sourceTree = "<group>"; };
		FF9C92092BF0B7B1004C8275 /* LanguageModel.swift */ = {isa = PBXFileReference; lastKnownFileType = sourcecode.swift; path = LanguageModel.swift; sourceTree = "<group>"; };
		FF9C920B2BF0C088004C8275 /* OptionsMenuView.swift */ = {isa = PBXFileReference; lastKnownFileType = sourcecode.swift; path = OptionsMenuView.swift; sourceTree = "<group>"; };
		FFB0327C2B312F3D0066A9DB /* RecordingView.swift */ = {isa = PBXFileReference; lastKnownFileType = sourcecode.swift; path = RecordingView.swift; sourceTree = "<group>"; };
		FFB21A862B7BD0BA00D148A4 /* KeyboardReadable+Extension.swift */ = {isa = PBXFileReference; lastKnownFileType = sourcecode.swift; path = "KeyboardReadable+Extension.swift"; sourceTree = "<group>"; };
		FFB56F422C0353CF0020AFFD /* ReadingAloudView.swift */ = {isa = PBXFileReference; lastKnownFileType = sourcecode.swift; path = ReadingAloudView.swift; sourceTree = "<group>"; };
		FFB56F452C0383B80020AFFD /* VoiceView.swift */ = {isa = PBXFileReference; lastKnownFileType = sourcecode.swift; path = VoiceView.swift; sourceTree = "<group>"; };
		FFBB2C7A2C03D8AD00509204 /* Voice.swift */ = {isa = PBXFileReference; lastKnownFileType = sourcecode.swift; path = Voice.swift; sourceTree = "<group>"; };
		FFBB2C7C2C047B6B00509204 /* Image+Extension.swift */ = {isa = PBXFileReference; lastKnownFileType = sourcecode.swift; path = "Image+Extension.swift"; sourceTree = "<group>"; };
		FFBBF4822B348345008D611C /* Info.plist */ = {isa = PBXFileReference; lastKnownFileType = text.plist; path = Info.plist; sourceTree = "<group>"; };
		FFBBF4832B34881B008D611C /* SpeechRecogniser.swift */ = {isa = PBXFileReference; lastKnownFileType = sourcecode.swift; path = SpeechRecogniser.swift; sourceTree = "<group>"; };
		FFBBF4872B34F9C8008D611C /* View+Extension.swift */ = {isa = PBXFileReference; lastKnownFileType = sourcecode.swift; path = "View+Extension.swift"; sourceTree = "<group>"; };
		FFBBF4892B350283008D611C /* SelectedImageView.swift */ = {isa = PBXFileReference; lastKnownFileType = sourcecode.swift; path = SelectedImageView.swift; sourceTree = "<group>"; };
		FFBBF48B2B35051D008D611C /* UIImage+Extension.swift */ = {isa = PBXFileReference; lastKnownFileType = sourcecode.swift; path = "UIImage+Extension.swift"; sourceTree = "<group>"; };
		FFCF00F02C03209A00590E79 /* SpeechService.swift */ = {isa = PBXFileReference; lastKnownFileType = sourcecode.swift; path = SpeechService.swift; sourceTree = "<group>"; };
		FFD57E2F2BF29145003FEFF1 /* MarkdownColours.swift */ = {isa = PBXFileReference; lastKnownFileType = sourcecode.swift; path = MarkdownColours.swift; sourceTree = "<group>"; };
		FFD57E312BF291B2003FEFF1 /* CodeBlockView.swift */ = {isa = PBXFileReference; lastKnownFileType = sourcecode.swift; path = CodeBlockView.swift; sourceTree = "<group>"; };
		FFE21C772B82353A00A69B9C /* SleepTest.swift */ = {isa = PBXFileReference; lastKnownFileType = sourcecode.swift; path = SleepTest.swift; sourceTree = "<group>"; };
		FFE2C8222B9A657A00BD82F3 /* Accessibility.plist */ = {isa = PBXFileReference; lastKnownFileType = text.plist.xml; path = Accessibility.plist; sourceTree = "<group>"; };
		FFEB9CA72BA04304004B1F3D /* NotificationMessage.swift */ = {isa = PBXFileReference; lastKnownFileType = sourcecode.swift; path = NotificationMessage.swift; sourceTree = "<group>"; };
		FFEC328D2B24779A003E5C04 /* Enchanted.app */ = {isa = PBXFileReference; explicitFileType = wrapper.application; includeInIndex = 0; path = Enchanted.app; sourceTree = BUILT_PRODUCTS_DIR; };
		FFEC32902B24779A003E5C04 /* EnchantedApp.swift */ = {isa = PBXFileReference; lastKnownFileType = sourcecode.swift; path = EnchantedApp.swift; sourceTree = "<group>"; };
		FFEC32962B24779B003E5C04 /* Assets.xcassets */ = {isa = PBXFileReference; lastKnownFileType = folder.assetcatalog; path = Assets.xcassets; sourceTree = "<group>"; };
		FFEC32982B24779B003E5C04 /* Enchanted.entitlements */ = {isa = PBXFileReference; lastKnownFileType = text.plist.entitlements; path = Enchanted.entitlements; sourceTree = "<group>"; };
		FFEC329A2B24779B003E5C04 /* Preview Assets.xcassets */ = {isa = PBXFileReference; lastKnownFileType = folder.assetcatalog; path = "Preview Assets.xcassets"; sourceTree = "<group>"; };
		FFEC32A92B24797C003E5C04 /* ChatView_iOS.swift */ = {isa = PBXFileReference; lastKnownFileType = sourcecode.swift; path = ChatView_iOS.swift; sourceTree = "<group>"; };
		FFEC9BDE2B8131B900AFBA63 /* HotKeys.swift */ = {isa = PBXFileReference; lastKnownFileType = sourcecode.swift; path = HotKeys.swift; sourceTree = "<group>"; };
		FFEC9BE02B81327B00AFBA63 /* DragAndDrop.swift */ = {isa = PBXFileReference; fileEncoding = 4; lastKnownFileType = sourcecode.swift; path = DragAndDrop.swift; sourceTree = "<group>"; };
		FFEC9BE22B81358800AFBA63 /* DeallocPrinter.swift */ = {isa = PBXFileReference; fileEncoding = 4; lastKnownFileType = sourcecode.swift; path = DeallocPrinter.swift; sourceTree = "<group>"; };
		FFEC9BE62B813A8D00AFBA63 /* RemovableImage.swift */ = {isa = PBXFileReference; lastKnownFileType = sourcecode.swift; path = RemovableImage.swift; sourceTree = "<group>"; };
		FFFD00C12B92607800392AE6 /* CompletionsStore.swift */ = {isa = PBXFileReference; lastKnownFileType = sourcecode.swift; path = CompletionsStore.swift; sourceTree = "<group>"; };
/* End PBXFileReference section */

/* Begin PBXFrameworksBuildPhase section */
		FFEC328A2B24779A003E5C04 /* Frameworks */ = {
			isa = PBXFrameworksBuildPhase;
			buildActionMask = 2147483647;
			files = (
				FFD5FAD52B8130CE0055AB51 /* OllamaKit in Frameworks */,
				FFD5FAD22B8130490055AB51 /* Vortex in Frameworks */,
				FF0611F12C04A2FB00443B33 /* Splash in Frameworks */,
				FF0611EA2C04A11800443B33 /* Magnet in Frameworks */,
				FF911DF12B98F08800915E94 /* WrappingHStack in Frameworks */,
				FF1002662B2653EE0011A4DC /* ActivityIndicatorView in Frameworks */,
				FFFD00C92B94CB5E00392AE6 /* AsyncAlgorithms in Frameworks */,
				FF4A605D2BC3587800D7BD4F /* KeyboardShortcuts in Frameworks */,
				FFF993592BDFBDCC004DCF19 /* MarkdownUI in Frameworks */,
			);
			runOnlyForDeploymentPostprocessing = 0;
		};
/* End PBXFrameworksBuildPhase section */

/* Begin PBXGroup section */
		FF10022C2B2481790011A4DC /* Components */ = {
			isa = PBXGroup;
			children = (
				FF10025F2B26499B0011A4DC /* ConversationStatusView.swift */,
				FF9300DB2B7823B0000859F4 /* EmptyConversaitonView.swift */,
				FF1002532B261D460011A4DC /* MessageListVIew.swift */,
				FF1002692B2731C60011A4DC /* ModelSelectorView.swift */,
				FF9C920B2BF0C088004C8275 /* OptionsMenuView.swift */,
				FFB56F422C0353CF0020AFFD /* ReadingAloudView.swift */,
				FFEC9BE62B813A8D00AFBA63 /* RemovableImage.swift */,
				FF24B30D2B66BE8500AB618F /* RunningBorder.swift */,
				FFBBF4892B350283008D611C /* SelectedImageView.swift */,
				FF9300DD2B782A28000859F4 /* UnreachableAPIView.swift */,
				FFD57E2E2BF2901A003FEFF1 /* ChatMessages */,
				FFB0327B2B312F310066A9DB /* Recorder */,
			);
			path = Components;
			sourceTree = "<group>";
		};
		FF1002412B25BAAE0011A4DC /* SwiftData */ = {
			isa = PBXGroup;
			children = (
				FF1002482B25BE580011A4DC /* Models */,
			);
			path = SwiftData;
			sourceTree = "<group>";
		};
		FF1002422B25BAC50011A4DC /* Stores */ = {
			isa = PBXGroup;
			children = (
				FF1002742B278C170011A4DC /* AppStore.swift */,
				FFFD00C12B92607800392AE6 /* CompletionsStore.swift */,
				FF1002432B25BB730011A4DC /* ConversationStore.swift */,
				FF1002452B25BCE70011A4DC /* LanguageModelStore.swift */,
			);
			path = Stores;
			sourceTree = "<group>";
		};
		FF1002482B25BE580011A4DC /* Models */ = {
			isa = PBXGroup;
			children = (
				FF6D82162B9122F9001183A8 /* CompletionInstructionSD.swift */,
				FF10024D2B25C2A70011A4DC /* ConversationSD.swift */,
				FF1002492B25BE740011A4DC /* LanguageModelSD.swift */,
				FF10024B2B25BEA00011A4DC /* MessageSD.swift */,
			);
			path = Models;
			sourceTree = "<group>";
		};
		FF1002552B2624790011A4DC /* Sidebar */ = {
			isa = PBXGroup;
			children = (
				FF1002562B2624800011A4DC /* Components */,
				FF10025B2B2625BE0011A4DC /* SidebarView.swift */,
			);
			path = Sidebar;
			sourceTree = "<group>";
		};
		FF1002562B2624800011A4DC /* Components */ = {
			isa = PBXGroup;
			children = (
				FF10023F2B24F7320011A4DC /* SideBarMenuView.swift */,
				FF1002592B2624C40011A4DC /* ConversationHistoryListView.swift */,
				FF33066B2B83BB31007B33E5 /* SidebarButton.swift */,
				FF33066D2B83CFEC007B33E5 /* KeyboardShortcuts.swift */,
			);
			path = Components;
			sourceTree = "<group>";
		};
		FF10026B2B2751630011A4DC /* Settings */ = {
			isa = PBXGroup;
			children = (
				FF10026C2B2751760011A4DC /* SettingsView.swift */,
				FF0146CA2B3DA1DF00A2A9F6 /* Settings.swift */,
			);
			path = Settings;
			sourceTree = "<group>";
		};
		FF15EF682B826BF400D4A541 /* Components */ = {
			isa = PBXGroup;
			children = (
				FF15EF692B826C0300D4A541 /* SimpleFloatingButton.swift */,
			);
			path = Components;
			sourceTree = "<group>";
		};
		FF226A632BE2A0E100CC91F1 /* Components */ = {
			isa = PBXGroup;
			children = (
				FF226A642BE2A0EC00CC91F1 /* SelectTextSheet.swift */,
			);
			path = Components;
			sourceTree = "<group>";
		};
		FF38F84D2B7A7B5300546B56 /* MenuBar */ = {
			isa = PBXGroup;
			children = (
				FF38F84E2B7A7B6700546B56 /* MenuBarControlView_macOS.swift */,
				FF38F8502B7A919C00546B56 /* MenuBarControl_macOS.swift */,
			);
			path = MenuBar;
			sourceTree = "<group>";
		};
		FF38F8542B7AB00100546B56 /* PromptPanel */ = {
			isa = PBXGroup;
			children = (
				FF38F8552B7AB01E00546B56 /* FloatingPanel.swift */,
				FF6D82112B911079001183A8 /* PanelCompletionsVM.swift */,
				FF38F8572B7AB1AD00546B56 /* PanelManager.swift */,
				FF38F85B2B7ABC2C00546B56 /* PromptPanel.swift */,
			);
			path = PromptPanel;
			sourceTree = "<group>";
		};
		FF464B142B80BB9C008E5130 /* Helpers */ = {
			isa = PBXGroup;
			children = (
				FFEC9BE22B81358800AFBA63 /* DeallocPrinter.swift */,
				FFEC9BDE2B8131B900AFBA63 /* HotKeys.swift */,
				FFE21C772B82353A00A69B9C /* SleepTest.swift */,
				FF6D82142B911536001183A8 /* Accessibility.swift */,
				FF6D82242B9204F3001183A8 /* AsyncQueue.swift */,
			);
			path = Helpers;
			sourceTree = "<group>";
		};
		FF464B172B810966008E5130 /* Components */ = {
			isa = PBXGroup;
			children = (
				FF6D82182B912804001183A8 /* CompletionButtonView.swift */,
				FF6D820C2B90C925001183A8 /* CompletionPanelView.swift */,
				FFEC9BE02B81327B00AFBA63 /* DragAndDrop.swift */,
				FF38F8592B7AB28300546B56 /* PromptPanelView.swift */,
			);
			path = Components;
			sourceTree = "<group>";
		};
		FF66A51E2B77788D00FAAC1E /* macOS */ = {
			isa = PBXGroup;
			children = (
				3396E0752BD877D500213816 /* Menus.swift */,
				FF9300D52B778F1A000859F4 /* Chat */,
				FF6D821A2B9141F0001183A8 /* CompletionsEditor */,
				FF464B172B810966008E5130 /* Components */,
				FF38F84D2B7A7B5300546B56 /* MenuBar */,
				FF38F8542B7AB00100546B56 /* PromptPanel */,
			);
			path = macOS;
			sourceTree = "<group>";
		};
		FF66A51F2B77789300FAAC1E /* iOS */ = {
			isa = PBXGroup;
			children = (
				FF226A632BE2A0E100CC91F1 /* Components */,
				FFEC32A92B24797C003E5C04 /* ChatView_iOS.swift */,
			);
			path = iOS;
			sourceTree = "<group>";
		};
		FF6D821A2B9141F0001183A8 /* CompletionsEditor */ = {
			isa = PBXGroup;
			children = (
				FF6D821F2B916CC3001183A8 /* CompletionsEditor.swift */,
				FF6D821B2B914202001183A8 /* CompletionsEditorView.swift */,
				FF6D821D2B916053001183A8 /* UpsertCompletionView.swift */,
			);
			path = CompletionsEditor;
			sourceTree = "<group>";
		};
		FF9300D52B778F1A000859F4 /* Chat */ = {
			isa = PBXGroup;
			children = (
				FF9300D62B778F23000859F4 /* Components */,
				FF9300D32B778829000859F4 /* ChatView_macOS.swift */,
			);
			path = Chat;
			sourceTree = "<group>";
		};
		FF9300D62B778F23000859F4 /* Components */ = {
			isa = PBXGroup;
			children = (
				FF9300DF2B783945000859F4 /* InputFields_macOS.swift */,
				FF9300D92B781D97000859F4 /* ToolbarView_macOS.swift */,
			);
			path = Components;
			sourceTree = "<group>";
		};
		FFB0327B2B312F310066A9DB /* Recorder */ = {
			isa = PBXGroup;
			children = (
				FFB0327C2B312F3D0066A9DB /* RecordingView.swift */,
				FFBBF4832B34881B008D611C /* SpeechRecogniser.swift */,
			);
			path = Recorder;
			sourceTree = "<group>";
		};
		FFB56F442C0383A60020AFFD /* Voice */ = {
			isa = PBXGroup;
			children = (
				FFB56F452C0383B80020AFFD /* VoiceView.swift */,
				FFBB2C7A2C03D8AD00509204 /* Voice.swift */,
			);
			path = Voice;
			sourceTree = "<group>";
		};
		FFD57E2E2BF2901A003FEFF1 /* ChatMessages */ = {
			isa = PBXGroup;
			children = (
				FF10022F2B2482BA0011A4DC /* ChatMessageView.swift */,
				FFD57E312BF291B2003FEFF1 /* CodeBlockView.swift */,
				FFD57E2F2BF29145003FEFF1 /* MarkdownColours.swift */,
			);
			path = ChatMessages;
			sourceTree = "<group>";
		};
		FFEC32842B24779A003E5C04 = {
			isa = PBXGroup;
			children = (
				FFEC328F2B24779A003E5C04 /* Enchanted */,
				FFEC328E2B24779A003E5C04 /* Products */,
			);
			sourceTree = "<group>";
		};
		FFEC328E2B24779A003E5C04 /* Products */ = {
			isa = PBXGroup;
			children = (
				FFEC328D2B24779A003E5C04 /* Enchanted.app */,
			);
			name = Products;
			sourceTree = "<group>";
		};
		FFEC328F2B24779A003E5C04 /* Enchanted */ = {
			isa = PBXGroup;
			children = (
				FF9C92072BF0B464004C8275 /* EnchantedDebug.entitlements */,
				FFEC32982B24779B003E5C04 /* Enchanted.entitlements */,
				FFE2C8222B9A657A00BD82F3 /* Accessibility.plist */,
				FFBBF4822B348345008D611C /* Info.plist */,
				FFEC32962B24779B003E5C04 /* Assets.xcassets */,
				FFEC32A12B24783B003E5C04 /* Application */,
				FFEC32A22B247858003E5C04 /* Extensions */,
				FF464B142B80BB9C008E5130 /* Helpers */,
				FFEC32A32B24786D003E5C04 /* Models */,
				FFEC32992B24779B003E5C04 /* Preview Content */,
				FFEC32A42B247874003E5C04 /* Services */,
				FF1002422B25BAC50011A4DC /* Stores */,
				FF1002412B25BAAE0011A4DC /* SwiftData */,
				FFEC32A52B247879003E5C04 /* UI */,
			);
			path = Enchanted;
			sourceTree = "<group>";
		};
		FFEC32992B24779B003E5C04 /* Preview Content */ = {
			isa = PBXGroup;
			children = (
				FFEC329A2B24779B003E5C04 /* Preview Assets.xcassets */,
			);
			path = "Preview Content";
			sourceTree = "<group>";
		};
		FFEC32A12B24783B003E5C04 /* Application */ = {
			isa = PBXGroup;
			children = (
				FFEC32902B24779A003E5C04 /* EnchantedApp.swift */,
			);
			path = Application;
			sourceTree = "<group>";
		};
		FFEC32A22B247858003E5C04 /* Extensions */ = {
			isa = PBXGroup;
			children = (
				FF5FA0D52B35169400BC471D /* Binding+Extension.swift */,
				FF2F03432B79631800349855 /* Button+Extension.swift */,
				FF1002312B2483A20011A4DC /* Colours+Extension.swift */,
				FF1002672B2668790011A4DC /* Date+Extension.swift */,
				FF1002512B2609970011A4DC /* ModelContext+Extension.swift */,
				FFBBF48B2B35051D008D611C /* UIImage+Extension.swift */,
				FFBBF4872B34F9C8008D611C /* View+Extension.swift */,
				FFB21A862B7BD0BA00D148A4 /* KeyboardReadable+Extension.swift */,
				FF1BC3C62BA0757700A58043 /* SplashSyntaxHighlighter+Extension.swift */,
				FFBB2C7C2C047B6B00509204 /* Image+Extension.swift */,
				FF0611F22C04BEFD00443B33 /* AVSpeechSynthesisVoice+Extension.swift */,
			);
			path = Extensions;
			sourceTree = "<group>";
		};
		FFEC32A32B24786D003E5C04 /* Models */ = {
			isa = PBXGroup;
			children = (
				FF1002722B276EC10011A4DC /* AppColorScheme.swift */,
				FF10025D2B2648460011A4DC /* ConversationState.swift */,
				FF9C92092BF0B7B1004C8275 /* LanguageModel.swift */,
				FFEB9CA72BA04304004B1F3D /* NotificationMessage.swift */,
				FF7FBE4B2B78E384000901F7 /* SamplePrompt.swift */,
			);
			path = Models;
			sourceTree = "<group>";
		};
		FFEC32A42B247874003E5C04 /* Services */ = {
			isa = PBXGroup;
			children = (
				FF2F03412B795E0B00349855 /* Clipboard.swift */,
				FF0146CC2B3DADCA00A2A9F6 /* HapticsService.swift */,
				FF2F03482B796A6500349855 /* HotkeyService.swift */,
				FF10023D2B24F4900011A4DC /* OllamaService.swift */,
				FF10024F2B25C79F0011A4DC /* SwiftDataService.swift */,
				FF6B7B122B3EE7AC00E8FEA3 /* Throttler.swift */,
				FFCF00F02C03209A00590E79 /* SpeechService.swift */,
			);
			path = Services;
			sourceTree = "<group>";
		};
		FFEC32A52B247879003E5C04 /* UI */ = {
			isa = PBXGroup;
			children = (
				FF66A51F2B77789300FAAC1E /* iOS */,
				FF66A51E2B77788D00FAAC1E /* macOS */,
				FFEC32A72B247896003E5C04 /* Shared */,
				FF66A51C2B76949A00FAAC1E /* Helpers.swift */,
			);
			path = UI;
			sourceTree = "<group>";
		};
		FFEC32A72B247896003E5C04 /* Shared */ = {
			isa = PBXGroup;
			children = (
				FF38F8522B7AA9C400546B56 /* ApplicationEntry.swift */,
				FFEC32A82B24795A003E5C04 /* Chat */,
				FF15EF682B826BF400D4A541 /* Components */,
				FFB56F442C0383A60020AFFD /* Voice */,
				FF10026B2B2751630011A4DC /* Settings */,
				FF1002552B2624790011A4DC /* Sidebar */,
			);
			path = Shared;
			sourceTree = "<group>";
		};
		FFEC32A82B24795A003E5C04 /* Chat */ = {
			isa = PBXGroup;
			children = (
				FF10022C2B2481790011A4DC /* Components */,
				FF1002382B24BBF20011A4DC /* Chat.swift */,
			);
			path = Chat;
			sourceTree = "<group>";
		};
/* End PBXGroup section */

/* Begin PBXNativeTarget section */
		FFEC328C2B24779A003E5C04 /* Enchanted */ = {
			isa = PBXNativeTarget;
			buildConfigurationList = FFEC329E2B24779B003E5C04 /* Build configuration list for PBXNativeTarget "Enchanted" */;
			buildPhases = (
				FFEC32892B24779A003E5C04 /* Sources */,
				FFEC328A2B24779A003E5C04 /* Frameworks */,
				FFEC328B2B24779A003E5C04 /* Resources */,
			);
			buildRules = (
			);
			dependencies = (
			);
			name = Enchanted;
			packageProductDependencies = (
				FF1002652B2653EE0011A4DC /* ActivityIndicatorView */,
				FF464B122B8026DA008E5130 /* Vortex */,
				FFD5FAD42B8130CE0055AB51 /* OllamaKit */,
				FFFD00C82B94CB5E00392AE6 /* AsyncAlgorithms */,
				FF911DF02B98F08800915E94 /* WrappingHStack */,
				FF4A605C2BC3587800D7BD4F /* KeyboardShortcuts */,
				FFF993582BDFBDCC004DCF19 /* MarkdownUI */,
				FF0611E92C04A11800443B33 /* Magnet */,
				FF0611F02C04A2FB00443B33 /* Splash */,
			);
			productName = Enchanted;
			productReference = FFEC328D2B24779A003E5C04 /* Enchanted.app */;
			productType = "com.apple.product-type.application";
		};
/* End PBXNativeTarget section */

/* Begin PBXProject section */
		FFEC32852B24779A003E5C04 /* Project object */ = {
			isa = PBXProject;
			attributes = {
				BuildIndependentTargetsInParallel = 1;
				LastSwiftUpdateCheck = 1500;
				LastUpgradeCheck = 1510;
				TargetAttributes = {
					FFEC328C2B24779A003E5C04 = {
						CreatedOnToolsVersion = 15.0.1;
					};
				};
			};
			buildConfigurationList = FFEC32882B24779A003E5C04 /* Build configuration list for PBXProject "Enchanted" */;
			compatibilityVersion = "Xcode 14.0";
			developmentRegion = en;
			hasScannedForEncodings = 0;
			knownRegions = (
				en,
				Base,
			);
			mainGroup = FFEC32842B24779A003E5C04;
			packageReferences = (
				FF1002642B2653EE0011A4DC /* XCRemoteSwiftPackageReference "ActivityIndicatorView" */,
				FF464B112B8026DA008E5130 /* XCRemoteSwiftPackageReference "Vortex" */,
				FFD5FAD32B8130CE0055AB51 /* XCRemoteSwiftPackageReference "OllamaKit" */,
				FFFD00C72B94CB5E00392AE6 /* XCRemoteSwiftPackageReference "swift-async-algorithms" */,
				FF911DEF2B98F08800915E94 /* XCRemoteSwiftPackageReference "WrappingHStack" */,
				FF4A605B2BC3587800D7BD4F /* XCRemoteSwiftPackageReference "KeyboardShortcuts" */,
				FFF993572BDFBDCC004DCF19 /* XCRemoteSwiftPackageReference "swift-markdown-ui" */,
				FF0611E82C04A11800443B33 /* XCRemoteSwiftPackageReference "Magnet" */,
				FF0611EF2C04A2FB00443B33 /* XCRemoteSwiftPackageReference "Splash" */,
			);
			productRefGroup = FFEC328E2B24779A003E5C04 /* Products */;
			projectDirPath = "";
			projectRoot = "";
			targets = (
				FFEC328C2B24779A003E5C04 /* Enchanted */,
			);
		};
/* End PBXProject section */

/* Begin PBXResourcesBuildPhase section */
		FFEC328B2B24779A003E5C04 /* Resources */ = {
			isa = PBXResourcesBuildPhase;
			buildActionMask = 2147483647;
			files = (
				FFEC329B2B24779B003E5C04 /* Preview Assets.xcassets in Resources */,
				FFE2C8232B9A657A00BD82F3 /* Accessibility.plist in Resources */,
				FFEC32972B24779B003E5C04 /* Assets.xcassets in Resources */,
			);
			runOnlyForDeploymentPostprocessing = 0;
		};
/* End PBXResourcesBuildPhase section */

/* Begin PBXSourcesBuildPhase section */
		FFEC32892B24779A003E5C04 /* Sources */ = {
			isa = PBXSourcesBuildPhase;
			buildActionMask = 2147483647;
			files = (
				FF6D82252B9204F3001183A8 /* AsyncQueue.swift in Sources */,
				FF1002442B25BB730011A4DC /* ConversationStore.swift in Sources */,
				FF15EF6A2B826C0300D4A541 /* SimpleFloatingButton.swift in Sources */,
				FF24B30E2B66BE8500AB618F /* RunningBorder.swift in Sources */,
				FF1002602B26499B0011A4DC /* ConversationStatusView.swift in Sources */,
				FF10024C2B25BEA00011A4DC /* MessageSD.swift in Sources */,
				FFCF00F12C03209A00590E79 /* SpeechService.swift in Sources */,
				FF10023E2B24F4900011A4DC /* OllamaService.swift in Sources */,
				FFBBF48C2B35051D008D611C /* UIImage+Extension.swift in Sources */,
				FF1002302B2482BA0011A4DC /* ChatMessageView.swift in Sources */,
				FF1002322B2483A20011A4DC /* Colours+Extension.swift in Sources */,
				FFB21A872B7BD0BA00D148A4 /* KeyboardReadable+Extension.swift in Sources */,
				FF1BC3C72BA0757700A58043 /* SplashSyntaxHighlighter+Extension.swift in Sources */,
				FF33066E2B83CFEC007B33E5 /* KeyboardShortcuts.swift in Sources */,
				FF66A51D2B76949A00FAAC1E /* Helpers.swift in Sources */,
				FF10026A2B2731C60011A4DC /* ModelSelectorView.swift in Sources */,
				FF38F84F2B7A7B6700546B56 /* MenuBarControlView_macOS.swift in Sources */,
				FFB56F462C0383B80020AFFD /* VoiceView.swift in Sources */,
				FFBBF48A2B350283008D611C /* SelectedImageView.swift in Sources */,
				FFEC9BDF2B8131B900AFBA63 /* HotKeys.swift in Sources */,
				FF2F03492B796A6500349855 /* HotkeyService.swift in Sources */,
				FF9300E02B783945000859F4 /* InputFields_macOS.swift in Sources */,
				FF38F8562B7AB01E00546B56 /* FloatingPanel.swift in Sources */,
				FF0146CB2B3DA1DF00A2A9F6 /* Settings.swift in Sources */,
				FF0611F32C04BEFE00443B33 /* AVSpeechSynthesisVoice+Extension.swift in Sources */,
				FF38F8532B7AA9C400546B56 /* ApplicationEntry.swift in Sources */,
				FF6D82202B916CC3001183A8 /* CompletionsEditor.swift in Sources */,
				FF38F85C2B7ABC2C00546B56 /* PromptPanel.swift in Sources */,
				FFEC9BE12B81327B00AFBA63 /* DragAndDrop.swift in Sources */,
				FFB56F432C0353CF0020AFFD /* ReadingAloudView.swift in Sources */,
				FF2F03442B79631800349855 /* Button+Extension.swift in Sources */,
				FF1002682B2668790011A4DC /* Date+Extension.swift in Sources */,
				FF6D821E2B916053001183A8 /* UpsertCompletionView.swift in Sources */,
				FFBB2C7B2C03D8AD00509204 /* Voice.swift in Sources */,
				FF9300D42B778829000859F4 /* ChatView_macOS.swift in Sources */,
				FF38F8512B7A919C00546B56 /* MenuBarControl_macOS.swift in Sources */,
				FF38F85A2B7AB28300546B56 /* PromptPanelView.swift in Sources */,
				FF1002462B25BCE70011A4DC /* LanguageModelStore.swift in Sources */,
				FFEB9CA82BA04304004B1F3D /* NotificationMessage.swift in Sources */,
				FF10025C2B2625BE0011A4DC /* SidebarView.swift in Sources */,
				FF1002392B24BBF20011A4DC /* Chat.swift in Sources */,
				FFB0327D2B312F3D0066A9DB /* RecordingView.swift in Sources */,
				FFBB2C7D2C047B6C00509204 /* Image+Extension.swift in Sources */,
				FF6D82192B912804001183A8 /* CompletionButtonView.swift in Sources */,
				FF10024A2B25BE740011A4DC /* LanguageModelSD.swift in Sources */,
				FF6B7B132B3EE7AC00E8FEA3 /* Throttler.swift in Sources */,
				FF1002402B24F7320011A4DC /* SideBarMenuView.swift in Sources */,
				FF9300DE2B782A28000859F4 /* UnreachableAPIView.swift in Sources */,
				FF6D820D2B90C925001183A8 /* CompletionPanelView.swift in Sources */,
				FF6D821C2B914202001183A8 /* CompletionsEditorView.swift in Sources */,
				FFD57E302BF29145003FEFF1 /* MarkdownColours.swift in Sources */,
				FF9300DC2B7823B0000859F4 /* EmptyConversaitonView.swift in Sources */,
				FFBBF4882B34F9C8008D611C /* View+Extension.swift in Sources */,
				FFEC9BE32B81358800AFBA63 /* DeallocPrinter.swift in Sources */,
				FFBBF4842B34881B008D611C /* SpeechRecogniser.swift in Sources */,
				FF6D82122B911079001183A8 /* PanelCompletionsVM.swift in Sources */,
				FFEC32AA2B24797C003E5C04 /* ChatView_iOS.swift in Sources */,
				FF6D82152B911536001183A8 /* Accessibility.swift in Sources */,
				FF0146CD2B3DADCA00A2A9F6 /* HapticsService.swift in Sources */,
				FF5FA0D62B35169400BC471D /* Binding+Extension.swift in Sources */,
				FFE21C782B82353A00A69B9C /* SleepTest.swift in Sources */,
				FF1002502B25C79F0011A4DC /* SwiftDataService.swift in Sources */,
				FF7FBE4C2B78E384000901F7 /* SamplePrompt.swift in Sources */,
				FF38F8582B7AB1AD00546B56 /* PanelManager.swift in Sources */,
				FF6D82172B9122F9001183A8 /* CompletionInstructionSD.swift in Sources */,
				FF226A652BE2A0EC00CC91F1 /* SelectTextSheet.swift in Sources */,
				FF10025A2B2624C40011A4DC /* ConversationHistoryListView.swift in Sources */,
				FF10026D2B2751760011A4DC /* SettingsView.swift in Sources */,
				FF33066C2B83BB31007B33E5 /* SidebarButton.swift in Sources */,
				FFD57E322BF291B2003FEFF1 /* CodeBlockView.swift in Sources */,
				FF1002542B261D460011A4DC /* MessageListVIew.swift in Sources */,
				FF10024E2B25C2A70011A4DC /* ConversationSD.swift in Sources */,
				FF9C920C2BF0C088004C8275 /* OptionsMenuView.swift in Sources */,
				FF9C920A2BF0B7B1004C8275 /* LanguageModel.swift in Sources */,
				FFEC32912B24779A003E5C04 /* EnchantedApp.swift in Sources */,
				FF2F03422B795E0B00349855 /* Clipboard.swift in Sources */,
				3396E0762BD877D500213816 /* Menus.swift in Sources */,
				FF9300DA2B781D97000859F4 /* ToolbarView_macOS.swift in Sources */,
				FF1002522B2609980011A4DC /* ModelContext+Extension.swift in Sources */,
				FF1002752B278C170011A4DC /* AppStore.swift in Sources */,
				FF1002732B276EC10011A4DC /* AppColorScheme.swift in Sources */,
				FF10025E2B2648460011A4DC /* ConversationState.swift in Sources */,
				FFEC9BE72B813A8D00AFBA63 /* RemovableImage.swift in Sources */,
				FFFD00C22B92607800392AE6 /* CompletionsStore.swift in Sources */,
			);
			runOnlyForDeploymentPostprocessing = 0;
		};
/* End PBXSourcesBuildPhase section */

/* Begin XCBuildConfiguration section */
		FFEC329C2B24779B003E5C04 /* Debug */ = {
			isa = XCBuildConfiguration;
			buildSettings = {
				ALWAYS_SEARCH_USER_PATHS = NO;
				ASSETCATALOG_COMPILER_GENERATE_SWIFT_ASSET_SYMBOL_EXTENSIONS = YES;
				CLANG_ANALYZER_NONNULL = YES;
				CLANG_ANALYZER_NUMBER_OBJECT_CONVERSION = YES_AGGRESSIVE;
				CLANG_CXX_LANGUAGE_STANDARD = "gnu++20";
				CLANG_ENABLE_MODULES = YES;
				CLANG_ENABLE_OBJC_ARC = YES;
				CLANG_ENABLE_OBJC_WEAK = YES;
				CLANG_WARN_BLOCK_CAPTURE_AUTORELEASING = YES;
				CLANG_WARN_BOOL_CONVERSION = YES;
				CLANG_WARN_COMMA = YES;
				CLANG_WARN_CONSTANT_CONVERSION = YES;
				CLANG_WARN_DEPRECATED_OBJC_IMPLEMENTATIONS = YES;
				CLANG_WARN_DIRECT_OBJC_ISA_USAGE = YES_ERROR;
				CLANG_WARN_DOCUMENTATION_COMMENTS = YES;
				CLANG_WARN_EMPTY_BODY = YES;
				CLANG_WARN_ENUM_CONVERSION = YES;
				CLANG_WARN_INFINITE_RECURSION = YES;
				CLANG_WARN_INT_CONVERSION = YES;
				CLANG_WARN_NON_LITERAL_NULL_CONVERSION = YES;
				CLANG_WARN_OBJC_IMPLICIT_RETAIN_SELF = YES;
				CLANG_WARN_OBJC_LITERAL_CONVERSION = YES;
				CLANG_WARN_OBJC_ROOT_CLASS = YES_ERROR;
				CLANG_WARN_QUOTED_INCLUDE_IN_FRAMEWORK_HEADER = YES;
				CLANG_WARN_RANGE_LOOP_ANALYSIS = YES;
				CLANG_WARN_STRICT_PROTOTYPES = YES;
				CLANG_WARN_SUSPICIOUS_MOVE = YES;
				CLANG_WARN_UNGUARDED_AVAILABILITY = YES_AGGRESSIVE;
				CLANG_WARN_UNREACHABLE_CODE = YES;
				CLANG_WARN__DUPLICATE_METHOD_MATCH = YES;
				COPY_PHASE_STRIP = NO;
				DEAD_CODE_STRIPPING = YES;
				DEBUG_INFORMATION_FORMAT = dwarf;
				ENABLE_STRICT_OBJC_MSGSEND = YES;
				ENABLE_TESTABILITY = YES;
				ENABLE_USER_SCRIPT_SANDBOXING = YES;
				GCC_C_LANGUAGE_STANDARD = gnu17;
				GCC_DYNAMIC_NO_PIC = NO;
				GCC_NO_COMMON_BLOCKS = YES;
				GCC_OPTIMIZATION_LEVEL = 0;
				GCC_PREPROCESSOR_DEFINITIONS = (
					"DEBUG=1",
					"$(inherited)",
				);
				GCC_WARN_64_TO_32_BIT_CONVERSION = YES;
				GCC_WARN_ABOUT_RETURN_TYPE = YES_ERROR;
				GCC_WARN_UNDECLARED_SELECTOR = YES;
				GCC_WARN_UNINITIALIZED_AUTOS = YES_AGGRESSIVE;
				GCC_WARN_UNUSED_FUNCTION = YES;
				GCC_WARN_UNUSED_VARIABLE = YES;
				LOCALIZATION_PREFERS_STRING_CATALOGS = YES;
				MTL_ENABLE_DEBUG_INFO = INCLUDE_SOURCE;
				MTL_FAST_MATH = YES;
				ONLY_ACTIVE_ARCH = YES;
				SWIFT_ACTIVE_COMPILATION_CONDITIONS = "DEBUG $(inherited)";
				SWIFT_OPTIMIZATION_LEVEL = "-Onone";
			};
			name = Debug;
		};
		FFEC329D2B24779B003E5C04 /* Release */ = {
			isa = XCBuildConfiguration;
			buildSettings = {
				ALWAYS_SEARCH_USER_PATHS = NO;
				ASSETCATALOG_COMPILER_GENERATE_SWIFT_ASSET_SYMBOL_EXTENSIONS = YES;
				CLANG_ANALYZER_NONNULL = YES;
				CLANG_ANALYZER_NUMBER_OBJECT_CONVERSION = YES_AGGRESSIVE;
				CLANG_CXX_LANGUAGE_STANDARD = "gnu++20";
				CLANG_ENABLE_MODULES = YES;
				CLANG_ENABLE_OBJC_ARC = YES;
				CLANG_ENABLE_OBJC_WEAK = YES;
				CLANG_WARN_BLOCK_CAPTURE_AUTORELEASING = YES;
				CLANG_WARN_BOOL_CONVERSION = YES;
				CLANG_WARN_COMMA = YES;
				CLANG_WARN_CONSTANT_CONVERSION = YES;
				CLANG_WARN_DEPRECATED_OBJC_IMPLEMENTATIONS = YES;
				CLANG_WARN_DIRECT_OBJC_ISA_USAGE = YES_ERROR;
				CLANG_WARN_DOCUMENTATION_COMMENTS = YES;
				CLANG_WARN_EMPTY_BODY = YES;
				CLANG_WARN_ENUM_CONVERSION = YES;
				CLANG_WARN_INFINITE_RECURSION = YES;
				CLANG_WARN_INT_CONVERSION = YES;
				CLANG_WARN_NON_LITERAL_NULL_CONVERSION = YES;
				CLANG_WARN_OBJC_IMPLICIT_RETAIN_SELF = YES;
				CLANG_WARN_OBJC_LITERAL_CONVERSION = YES;
				CLANG_WARN_OBJC_ROOT_CLASS = YES_ERROR;
				CLANG_WARN_QUOTED_INCLUDE_IN_FRAMEWORK_HEADER = YES;
				CLANG_WARN_RANGE_LOOP_ANALYSIS = YES;
				CLANG_WARN_STRICT_PROTOTYPES = YES;
				CLANG_WARN_SUSPICIOUS_MOVE = YES;
				CLANG_WARN_UNGUARDED_AVAILABILITY = YES_AGGRESSIVE;
				CLANG_WARN_UNREACHABLE_CODE = YES;
				CLANG_WARN__DUPLICATE_METHOD_MATCH = YES;
				COPY_PHASE_STRIP = NO;
				DEAD_CODE_STRIPPING = YES;
				DEBUG_INFORMATION_FORMAT = "dwarf-with-dsym";
				ENABLE_NS_ASSERTIONS = NO;
				ENABLE_STRICT_OBJC_MSGSEND = YES;
				ENABLE_USER_SCRIPT_SANDBOXING = YES;
				GCC_C_LANGUAGE_STANDARD = gnu17;
				GCC_NO_COMMON_BLOCKS = YES;
				GCC_WARN_64_TO_32_BIT_CONVERSION = YES;
				GCC_WARN_ABOUT_RETURN_TYPE = YES_ERROR;
				GCC_WARN_UNDECLARED_SELECTOR = YES;
				GCC_WARN_UNINITIALIZED_AUTOS = YES_AGGRESSIVE;
				GCC_WARN_UNUSED_FUNCTION = YES;
				GCC_WARN_UNUSED_VARIABLE = YES;
				LOCALIZATION_PREFERS_STRING_CATALOGS = YES;
				MTL_ENABLE_DEBUG_INFO = NO;
				MTL_FAST_MATH = YES;
				SWIFT_COMPILATION_MODE = wholemodule;
			};
			name = Release;
		};
		FFEC329F2B24779B003E5C04 /* Debug */ = {
			isa = XCBuildConfiguration;
			buildSettings = {
				ASSETCATALOG_COMPILER_APPICON_NAME = AppIcon;
				ASSETCATALOG_COMPILER_GLOBAL_ACCENT_COLOR_NAME = AccentColor;
				ASSETCATALOG_COMPILER_INCLUDE_ALL_APPICON_ASSETS = YES;
				CODE_SIGN_ENTITLEMENTS = Enchanted/EnchantedDebug.entitlements;
				CODE_SIGN_IDENTITY = "Apple Development";
				"CODE_SIGN_IDENTITY[sdk=macosx*]" = "Apple Development";
				CODE_SIGN_STYLE = Automatic;
				CURRENT_PROJECT_VERSION = 37;
				DEAD_CODE_STRIPPING = YES;
				DEVELOPMENT_ASSET_PATHS = "\"Enchanted/Preview Content\"";
				DEVELOPMENT_TEAM = JDDZ55DT74;
				ENABLE_HARDENED_RUNTIME = YES;
				"ENABLE_HARDENED_RUNTIME[sdk=macosx*]" = YES;
				ENABLE_PREVIEWS = YES;
				GENERATE_INFOPLIST_FILE = YES;
				INFOPLIST_FILE = Enchanted/Info.plist;
				INFOPLIST_KEY_LSApplicationCategoryType = "public.app-category.developer-tools";
				INFOPLIST_KEY_NSMicrophoneUsageDescription = "Audio is recorded to transcribe text. Recording is discarded after transcription.";
				INFOPLIST_KEY_NSSpeechRecognitionUsageDescription = "You can view a text transcription of your meeting in the app.";
				"INFOPLIST_KEY_UIApplicationSceneManifest_Generation[sdk=iphoneos*]" = YES;
				"INFOPLIST_KEY_UIApplicationSceneManifest_Generation[sdk=iphonesimulator*]" = YES;
				"INFOPLIST_KEY_UIApplicationSupportsIndirectInputEvents[sdk=iphoneos*]" = YES;
				"INFOPLIST_KEY_UIApplicationSupportsIndirectInputEvents[sdk=iphonesimulator*]" = YES;
				"INFOPLIST_KEY_UILaunchScreen_Generation[sdk=iphoneos*]" = YES;
				"INFOPLIST_KEY_UILaunchScreen_Generation[sdk=iphonesimulator*]" = YES;
				"INFOPLIST_KEY_UIStatusBarStyle[sdk=iphoneos*]" = UIStatusBarStyleDefault;
				"INFOPLIST_KEY_UIStatusBarStyle[sdk=iphonesimulator*]" = UIStatusBarStyleDefault;
				INFOPLIST_KEY_UISupportedInterfaceOrientations_iPad = "UIInterfaceOrientationPortrait UIInterfaceOrientationPortraitUpsideDown UIInterfaceOrientationLandscapeLeft UIInterfaceOrientationLandscapeRight";
				INFOPLIST_KEY_UISupportedInterfaceOrientations_iPhone = "UIInterfaceOrientationPortrait UIInterfaceOrientationLandscapeLeft UIInterfaceOrientationLandscapeRight";
				IPHONEOS_DEPLOYMENT_TARGET = 17.0;
				LD_RUNPATH_SEARCH_PATHS = "@executable_path/Frameworks";
				"LD_RUNPATH_SEARCH_PATHS[sdk=macosx*]" = "@executable_path/../Frameworks";
				MACOSX_DEPLOYMENT_TARGET = 14.0;
				MARKETING_VERSION = 1.7.2;
				PRODUCT_BUNDLE_IDENTIFIER = subj.Enchanted;
				PRODUCT_NAME = "$(TARGET_NAME)";
				PROVISIONING_PROFILE_SPECIFIER = "";
				SDKROOT = auto;
				SUPPORTED_PLATFORMS = "iphoneos iphonesimulator macosx xros xrsimulator";
				SUPPORTS_MACCATALYST = NO;
				SUPPORTS_XR_DESIGNED_FOR_IPHONE_IPAD = NO;
				SWIFT_EMIT_LOC_STRINGS = YES;
				SWIFT_STRICT_CONCURRENCY = complete;
				SWIFT_VERSION = 5.0;
				TARGETED_DEVICE_FAMILY = "1,2,7";
				XROS_DEPLOYMENT_TARGET = 1.1;
			};
			name = Debug;
		};
		FFEC32A02B24779B003E5C04 /* Release */ = {
			isa = XCBuildConfiguration;
			buildSettings = {
				ASSETCATALOG_COMPILER_APPICON_NAME = AppIcon;
				ASSETCATALOG_COMPILER_GLOBAL_ACCENT_COLOR_NAME = AccentColor;
				ASSETCATALOG_COMPILER_INCLUDE_ALL_APPICON_ASSETS = YES;
				CODE_SIGN_ENTITLEMENTS = Enchanted/Enchanted.entitlements;
				CODE_SIGN_IDENTITY = "Apple Development";
				CODE_SIGN_STYLE = Automatic;
				CURRENT_PROJECT_VERSION = 37;
				DEAD_CODE_STRIPPING = YES;
				DEVELOPMENT_ASSET_PATHS = "\"Enchanted/Preview Content\"";
				DEVELOPMENT_TEAM = JDDZ55DT74;
				ENABLE_HARDENED_RUNTIME = YES;
				"ENABLE_HARDENED_RUNTIME[sdk=macosx*]" = YES;
				ENABLE_PREVIEWS = YES;
				GENERATE_INFOPLIST_FILE = YES;
				INFOPLIST_FILE = Enchanted/Info.plist;
				INFOPLIST_KEY_LSApplicationCategoryType = "public.app-category.developer-tools";
				INFOPLIST_KEY_NSMicrophoneUsageDescription = "Audio is recorded to transcribe text. Recording is discarded after transcription.";
				INFOPLIST_KEY_NSSpeechRecognitionUsageDescription = "You can view a text transcription of your meeting in the app.";
				"INFOPLIST_KEY_UIApplicationSceneManifest_Generation[sdk=iphoneos*]" = YES;
				"INFOPLIST_KEY_UIApplicationSceneManifest_Generation[sdk=iphonesimulator*]" = YES;
				"INFOPLIST_KEY_UIApplicationSupportsIndirectInputEvents[sdk=iphoneos*]" = YES;
				"INFOPLIST_KEY_UIApplicationSupportsIndirectInputEvents[sdk=iphonesimulator*]" = YES;
				"INFOPLIST_KEY_UILaunchScreen_Generation[sdk=iphoneos*]" = YES;
				"INFOPLIST_KEY_UILaunchScreen_Generation[sdk=iphonesimulator*]" = YES;
				"INFOPLIST_KEY_UIStatusBarStyle[sdk=iphoneos*]" = UIStatusBarStyleDefault;
				"INFOPLIST_KEY_UIStatusBarStyle[sdk=iphonesimulator*]" = UIStatusBarStyleDefault;
				INFOPLIST_KEY_UISupportedInterfaceOrientations_iPad = "UIInterfaceOrientationPortrait UIInterfaceOrientationPortraitUpsideDown UIInterfaceOrientationLandscapeLeft UIInterfaceOrientationLandscapeRight";
				INFOPLIST_KEY_UISupportedInterfaceOrientations_iPhone = "UIInterfaceOrientationPortrait UIInterfaceOrientationLandscapeLeft UIInterfaceOrientationLandscapeRight";
				IPHONEOS_DEPLOYMENT_TARGET = 17.0;
				LD_RUNPATH_SEARCH_PATHS = "@executable_path/Frameworks";
				"LD_RUNPATH_SEARCH_PATHS[sdk=macosx*]" = "@executable_path/../Frameworks";
				MACOSX_DEPLOYMENT_TARGET = 14.0;
				MARKETING_VERSION = 1.7.2;
				PRODUCT_BUNDLE_IDENTIFIER = subj.Enchanted;
				PRODUCT_NAME = "$(TARGET_NAME)";
				PROVISIONING_PROFILE_SPECIFIER = "";
				SDKROOT = auto;
				SUPPORTED_PLATFORMS = "iphoneos iphonesimulator macosx xros xrsimulator";
				SUPPORTS_MACCATALYST = NO;
				SUPPORTS_XR_DESIGNED_FOR_IPHONE_IPAD = NO;
				SWIFT_EMIT_LOC_STRINGS = YES;
				SWIFT_STRICT_CONCURRENCY = complete;
				SWIFT_VERSION = 5.0;
				TARGETED_DEVICE_FAMILY = "1,2,7";
				XROS_DEPLOYMENT_TARGET = 1.1;
			};
			name = Release;
		};
/* End XCBuildConfiguration section */

/* Begin XCConfigurationList section */
		FFEC32882B24779A003E5C04 /* Build configuration list for PBXProject "Enchanted" */ = {
			isa = XCConfigurationList;
			buildConfigurations = (
				FFEC329C2B24779B003E5C04 /* Debug */,
				FFEC329D2B24779B003E5C04 /* Release */,
			);
			defaultConfigurationIsVisible = 0;
			defaultConfigurationName = Release;
		};
		FFEC329E2B24779B003E5C04 /* Build configuration list for PBXNativeTarget "Enchanted" */ = {
			isa = XCConfigurationList;
			buildConfigurations = (
				FFEC329F2B24779B003E5C04 /* Debug */,
				FFEC32A02B24779B003E5C04 /* Release */,
			);
			defaultConfigurationIsVisible = 0;
			defaultConfigurationName = Release;
		};
/* End XCConfigurationList section */

/* Begin XCRemoteSwiftPackageReference section */
		FF0611E82C04A11800443B33 /* XCRemoteSwiftPackageReference "Magnet" */ = {
			isa = XCRemoteSwiftPackageReference;
			repositoryURL = "https://github.com/AugustDev/Magnet";
			requirement = {
				branch = master;
				kind = branch;
			};
		};
		FF0611EF2C04A2FB00443B33 /* XCRemoteSwiftPackageReference "Splash" */ = {
			isa = XCRemoteSwiftPackageReference;
			repositoryURL = "https://github.com/AugustDev/Splash";
			requirement = {
				branch = master;
				kind = branch;
			};
		};
		FF1002642B2653EE0011A4DC /* XCRemoteSwiftPackageReference "ActivityIndicatorView" */ = {
			isa = XCRemoteSwiftPackageReference;
			repositoryURL = "https://github.com/exyte/ActivityIndicatorView.git";
			requirement = {
				kind = upToNextMajorVersion;
				minimumVersion = 1.1.1;
			};
		};
		FF464B112B8026DA008E5130 /* XCRemoteSwiftPackageReference "Vortex" */ = {
			isa = XCRemoteSwiftPackageReference;
			repositoryURL = "https://github.com/twostraws/Vortex";
			requirement = {
				kind = upToNextMajorVersion;
				minimumVersion = 1.0.0;
			};
		};
		FF4A605B2BC3587800D7BD4F /* XCRemoteSwiftPackageReference "KeyboardShortcuts" */ = {
			isa = XCRemoteSwiftPackageReference;
			repositoryURL = "https://github.com/sindresorhus/KeyboardShortcuts";
			requirement = {
				kind = upToNextMajorVersion;
				minimumVersion = 2.0.0;
			};
		};
		FF911DEF2B98F08800915E94 /* XCRemoteSwiftPackageReference "WrappingHStack" */ = {
			isa = XCRemoteSwiftPackageReference;
			repositoryURL = "https://github.com/ksemianov/WrappingHStack";
			requirement = {
				kind = upToNextMajorVersion;
				minimumVersion = 0.2.0;
			};
		};
		FFD5FAD32B8130CE0055AB51 /* XCRemoteSwiftPackageReference "OllamaKit" */ = {
			isa = XCRemoteSwiftPackageReference;
			repositoryURL = "https://github.com/AugustDev/OllamaKit";
			requirement = {
				branch = main;
				kind = branch;
			};
		};
		FFF993572BDFBDCC004DCF19 /* XCRemoteSwiftPackageReference "swift-markdown-ui" */ = {
			isa = XCRemoteSwiftPackageReference;
			repositoryURL = "https://github.com/AugustDev/swift-markdown-ui";
			requirement = {
				branch = main;
				kind = branch;
			};
		};
		FFFD00C72B94CB5E00392AE6 /* XCRemoteSwiftPackageReference "swift-async-algorithms" */ = {
			isa = XCRemoteSwiftPackageReference;
			repositoryURL = "https://github.com/apple/swift-async-algorithms.git";
			requirement = {
				kind = upToNextMajorVersion;
				minimumVersion = 1.0.0;
			};
		};
/* End XCRemoteSwiftPackageReference section */

/* Begin XCSwiftPackageProductDependency section */
		FF0611E92C04A11800443B33 /* Magnet */ = {
			isa = XCSwiftPackageProductDependency;
			package = FF0611E82C04A11800443B33 /* XCRemoteSwiftPackageReference "Magnet" */;
			productName = Magnet;
		};
		FF0611F02C04A2FB00443B33 /* Splash */ = {
			isa = XCSwiftPackageProductDependency;
			package = FF0611EF2C04A2FB00443B33 /* XCRemoteSwiftPackageReference "Splash" */;
			productName = Splash;
		};
		FF1002652B2653EE0011A4DC /* ActivityIndicatorView */ = {
			isa = XCSwiftPackageProductDependency;
			package = FF1002642B2653EE0011A4DC /* XCRemoteSwiftPackageReference "ActivityIndicatorView" */;
			productName = ActivityIndicatorView;
		};
		FF464B122B8026DA008E5130 /* Vortex */ = {
			isa = XCSwiftPackageProductDependency;
			package = FF464B112B8026DA008E5130 /* XCRemoteSwiftPackageReference "Vortex" */;
			productName = Vortex;
		};
		FF4A605C2BC3587800D7BD4F /* KeyboardShortcuts */ = {
			isa = XCSwiftPackageProductDependency;
			package = FF4A605B2BC3587800D7BD4F /* XCRemoteSwiftPackageReference "KeyboardShortcuts" */;
			productName = KeyboardShortcuts;
		};
		FF911DF02B98F08800915E94 /* WrappingHStack */ = {
			isa = XCSwiftPackageProductDependency;
			package = FF911DEF2B98F08800915E94 /* XCRemoteSwiftPackageReference "WrappingHStack" */;
			productName = WrappingHStack;
		};
		FFD5FAD42B8130CE0055AB51 /* OllamaKit */ = {
			isa = XCSwiftPackageProductDependency;
			package = FFD5FAD32B8130CE0055AB51 /* XCRemoteSwiftPackageReference "OllamaKit" */;
			productName = OllamaKit;
		};
		FFF993582BDFBDCC004DCF19 /* MarkdownUI */ = {
			isa = XCSwiftPackageProductDependency;
			package = FFF993572BDFBDCC004DCF19 /* XCRemoteSwiftPackageReference "swift-markdown-ui" */;
			productName = MarkdownUI;
		};
		FFFD00C82B94CB5E00392AE6 /* AsyncAlgorithms */ = {
			isa = XCSwiftPackageProductDependency;
			package = FFFD00C72B94CB5E00392AE6 /* XCRemoteSwiftPackageReference "swift-async-algorithms" */;
			productName = AsyncAlgorithms;
		};
/* End XCSwiftPackageProductDependency section */
	};
	rootObject = FFEC32852B24779A003E5C04 /* Project object */;
}
