// !$*UTF8*$!
{
	archiveVersion = 1;
	classes = {
	};
	objectVersion = 56;
	objects = {

/* Begin PBXBuildFile section */
		FF0146CB2B3DA1DF00A2A9F6 /* Settings.swift in Sources */ = {isa = PBXBuildFile; fileRef = FF0146CA2B3DA1DF00A2A9F6 /* Settings.swift */; };
		FF0146CD2B3DADCA00A2A9F6 /* HapticsService.swift in Sources */ = {isa = PBXBuildFile; fileRef = FF0146CC2B3DADCA00A2A9F6 /* HapticsService.swift */; };
		FF1002302B2482BA0011A4DC /* ChatMessageView.swift in Sources */ = {isa = PBXBuildFile; fileRef = FF10022F2B2482BA0011A4DC /* ChatMessageView.swift */; };
		FF1002322B2483A20011A4DC /* Colours+Extension.swift in Sources */ = {isa = PBXBuildFile; fileRef = FF1002312B2483A20011A4DC /* Colours+Extension.swift */; };
		FF1002392B24BBF20011A4DC /* Chat.swift in Sources */ = {isa = PBXBuildFile; fileRef = FF1002382B24BBF20011A4DC /* Chat.swift */; };
		FF10023E2B24F4900011A4DC /* OllamaService.swift in Sources */ = {isa = PBXBuildFile; fileRef = FF10023D2B24F4900011A4DC /* OllamaService.swift */; };
		FF1002402B24F7320011A4DC /* SideBarMenuView.swift in Sources */ = {isa = PBXBuildFile; fileRef = FF10023F2B24F7320011A4DC /* SideBarMenuView.swift */; };
		FF1002442B25BB730011A4DC /* ConversationStore.swift in Sources */ = {isa = PBXBuildFile; fileRef = FF1002432B25BB730011A4DC /* ConversationStore.swift */; };
		FF1002462B25BCE70011A4DC /* LanguageModelStore.swift in Sources */ = {isa = PBXBuildFile; fileRef = FF1002452B25BCE70011A4DC /* LanguageModelStore.swift */; };
		FF10024A2B25BE740011A4DC /* LanguageModelSD.swift in Sources */ = {isa = PBXBuildFile; fileRef = FF1002492B25BE740011A4DC /* LanguageModelSD.swift */; };
		FF10024C2B25BEA00011A4DC /* MessageSD.swift in Sources */ = {isa = PBXBuildFile; fileRef = FF10024B2B25BEA00011A4DC /* MessageSD.swift */; };
		FF10024E2B25C2A70011A4DC /* ConversationSD.swift in Sources */ = {isa = PBXBuildFile; fileRef = FF10024D2B25C2A70011A4DC /* ConversationSD.swift */; };
		FF1002502B25C79F0011A4DC /* SwiftDataService.swift in Sources */ = {isa = PBXBuildFile; fileRef = FF10024F2B25C79F0011A4DC /* SwiftDataService.swift */; };
		FF1002522B2609980011A4DC /* ModelContext+Extension.swift in Sources */ = {isa = PBXBuildFile; fileRef = FF1002512B2609970011A4DC /* ModelContext+Extension.swift */; };
		FF1002542B261D460011A4DC /* MessageListVIew.swift in Sources */ = {isa = PBXBuildFile; fileRef = FF1002532B261D460011A4DC /* MessageListVIew.swift */; };
		FF10025A2B2624C40011A4DC /* ConversationHistoryListView.swift in Sources */ = {isa = PBXBuildFile; fileRef = FF1002592B2624C40011A4DC /* ConversationHistoryListView.swift */; };
		FF10025C2B2625BE0011A4DC /* SidebarView.swift in Sources */ = {isa = PBXBuildFile; fileRef = FF10025B2B2625BE0011A4DC /* SidebarView.swift */; };
		FF10025E2B2648460011A4DC /* ConversationState.swift in Sources */ = {isa = PBXBuildFile; fileRef = FF10025D2B2648460011A4DC /* ConversationState.swift */; };
		FF1002602B26499B0011A4DC /* ConversationStatusView.swift in Sources */ = {isa = PBXBuildFile; fileRef = FF10025F2B26499B0011A4DC /* ConversationStatusView.swift */; };
		FF1002662B2653EE0011A4DC /* ActivityIndicatorView in Frameworks */ = {isa = PBXBuildFile; productRef = FF1002652B2653EE0011A4DC /* ActivityIndicatorView */; };
		FF1002682B2668790011A4DC /* Date+Extension.swift in Sources */ = {isa = PBXBuildFile; fileRef = FF1002672B2668790011A4DC /* Date+Extension.swift */; };
		FF10026A2B2731C60011A4DC /* ModelSelectorView.swift in Sources */ = {isa = PBXBuildFile; fileRef = FF1002692B2731C60011A4DC /* ModelSelectorView.swift */; };
		FF10026D2B2751760011A4DC /* SettingsView.swift in Sources */ = {isa = PBXBuildFile; fileRef = FF10026C2B2751760011A4DC /* SettingsView.swift */; };
		FF1002732B276EC10011A4DC /* AppColorScheme.swift in Sources */ = {isa = PBXBuildFile; fileRef = FF1002722B276EC10011A4DC /* AppColorScheme.swift */; };
		FF1002752B278C170011A4DC /* AppStore.swift in Sources */ = {isa = PBXBuildFile; fileRef = FF1002742B278C170011A4DC /* AppStore.swift */; };
		FF10027A2B27B6070011A4DC /* MarkdownUI in Frameworks */ = {isa = PBXBuildFile; productRef = FF1002792B27B6070011A4DC /* MarkdownUI */; };
		FF5FA0D62B35169400BC471D /* Binding+Extension.swift in Sources */ = {isa = PBXBuildFile; fileRef = FF5FA0D52B35169400BC471D /* Binding+Extension.swift */; };
		FF61C9632B2A7DC6003CD1CB /* OllamaKit in Frameworks */ = {isa = PBXBuildFile; productRef = FF61C9622B2A7DC6003CD1CB /* OllamaKit */; };
		FFB0327D2B312F3D0066A9DB /* RecordingView.swift in Sources */ = {isa = PBXBuildFile; fileRef = FFB0327C2B312F3D0066A9DB /* RecordingView.swift */; };
		FFBBF4842B34881B008D611C /* SpeechRecogniser.swift in Sources */ = {isa = PBXBuildFile; fileRef = FFBBF4832B34881B008D611C /* SpeechRecogniser.swift */; };
		FFBBF4882B34F9C8008D611C /* View+Extension.swift in Sources */ = {isa = PBXBuildFile; fileRef = FFBBF4872B34F9C8008D611C /* View+Extension.swift */; };
		FFBBF48A2B350283008D611C /* SelectedImageView.swift in Sources */ = {isa = PBXBuildFile; fileRef = FFBBF4892B350283008D611C /* SelectedImageView.swift */; };
		FFBBF48C2B35051D008D611C /* UIImage+Extension.swift in Sources */ = {isa = PBXBuildFile; fileRef = FFBBF48B2B35051D008D611C /* UIImage+Extension.swift */; };
		FFEC32912B24779A003E5C04 /* EnchantedApp.swift in Sources */ = {isa = PBXBuildFile; fileRef = FFEC32902B24779A003E5C04 /* EnchantedApp.swift */; };
		FFEC32932B24779A003E5C04 /* ContentView.swift in Sources */ = {isa = PBXBuildFile; fileRef = FFEC32922B24779A003E5C04 /* ContentView.swift */; };
		FFEC32952B24779A003E5C04 /* Item.swift in Sources */ = {isa = PBXBuildFile; fileRef = FFEC32942B24779A003E5C04 /* Item.swift */; };
		FFEC32972B24779B003E5C04 /* Assets.xcassets in Resources */ = {isa = PBXBuildFile; fileRef = FFEC32962B24779B003E5C04 /* Assets.xcassets */; };
		FFEC329B2B24779B003E5C04 /* Preview Assets.xcassets in Resources */ = {isa = PBXBuildFile; fileRef = FFEC329A2B24779B003E5C04 /* Preview Assets.xcassets */; };
		FFEC32AA2B24797C003E5C04 /* ChatView.swift in Sources */ = {isa = PBXBuildFile; fileRef = FFEC32A92B24797C003E5C04 /* ChatView.swift */; };
/* End PBXBuildFile section */

/* Begin PBXFileReference section */
		FF0146CA2B3DA1DF00A2A9F6 /* Settings.swift */ = {isa = PBXFileReference; lastKnownFileType = sourcecode.swift; path = Settings.swift; sourceTree = "<group>"; };
		FF0146CC2B3DADCA00A2A9F6 /* HapticsService.swift */ = {isa = PBXFileReference; lastKnownFileType = sourcecode.swift; path = HapticsService.swift; sourceTree = "<group>"; };
		FF10022F2B2482BA0011A4DC /* ChatMessageView.swift */ = {isa = PBXFileReference; lastKnownFileType = sourcecode.swift; path = ChatMessageView.swift; sourceTree = "<group>"; };
		FF1002312B2483A20011A4DC /* Colours+Extension.swift */ = {isa = PBXFileReference; lastKnownFileType = sourcecode.swift; path = "Colours+Extension.swift"; sourceTree = "<group>"; };
		FF1002382B24BBF20011A4DC /* Chat.swift */ = {isa = PBXFileReference; lastKnownFileType = sourcecode.swift; path = Chat.swift; sourceTree = "<group>"; };
		FF10023D2B24F4900011A4DC /* OllamaService.swift */ = {isa = PBXFileReference; lastKnownFileType = sourcecode.swift; path = OllamaService.swift; sourceTree = "<group>"; };
		FF10023F2B24F7320011A4DC /* SideBarMenuView.swift */ = {isa = PBXFileReference; lastKnownFileType = sourcecode.swift; path = SideBarMenuView.swift; sourceTree = "<group>"; };
		FF1002432B25BB730011A4DC /* ConversationStore.swift */ = {isa = PBXFileReference; lastKnownFileType = sourcecode.swift; path = ConversationStore.swift; sourceTree = "<group>"; };
		FF1002452B25BCE70011A4DC /* LanguageModelStore.swift */ = {isa = PBXFileReference; lastKnownFileType = sourcecode.swift; path = LanguageModelStore.swift; sourceTree = "<group>"; };
		FF1002492B25BE740011A4DC /* LanguageModelSD.swift */ = {isa = PBXFileReference; lastKnownFileType = sourcecode.swift; path = LanguageModelSD.swift; sourceTree = "<group>"; };
		FF10024B2B25BEA00011A4DC /* MessageSD.swift */ = {isa = PBXFileReference; lastKnownFileType = sourcecode.swift; path = MessageSD.swift; sourceTree = "<group>"; };
		FF10024D2B25C2A70011A4DC /* ConversationSD.swift */ = {isa = PBXFileReference; lastKnownFileType = sourcecode.swift; path = ConversationSD.swift; sourceTree = "<group>"; };
		FF10024F2B25C79F0011A4DC /* SwiftDataService.swift */ = {isa = PBXFileReference; lastKnownFileType = sourcecode.swift; path = SwiftDataService.swift; sourceTree = "<group>"; };
		FF1002512B2609970011A4DC /* ModelContext+Extension.swift */ = {isa = PBXFileReference; lastKnownFileType = sourcecode.swift; path = "ModelContext+Extension.swift"; sourceTree = "<group>"; };
		FF1002532B261D460011A4DC /* MessageListVIew.swift */ = {isa = PBXFileReference; lastKnownFileType = sourcecode.swift; path = MessageListVIew.swift; sourceTree = "<group>"; };
		FF1002592B2624C40011A4DC /* ConversationHistoryListView.swift */ = {isa = PBXFileReference; lastKnownFileType = sourcecode.swift; path = ConversationHistoryListView.swift; sourceTree = "<group>"; };
		FF10025B2B2625BE0011A4DC /* SidebarView.swift */ = {isa = PBXFileReference; lastKnownFileType = sourcecode.swift; path = SidebarView.swift; sourceTree = "<group>"; };
		FF10025D2B2648460011A4DC /* ConversationState.swift */ = {isa = PBXFileReference; lastKnownFileType = sourcecode.swift; path = ConversationState.swift; sourceTree = "<group>"; };
		FF10025F2B26499B0011A4DC /* ConversationStatusView.swift */ = {isa = PBXFileReference; lastKnownFileType = sourcecode.swift; path = ConversationStatusView.swift; sourceTree = "<group>"; };
		FF1002672B2668790011A4DC /* Date+Extension.swift */ = {isa = PBXFileReference; lastKnownFileType = sourcecode.swift; path = "Date+Extension.swift"; sourceTree = "<group>"; };
		FF1002692B2731C60011A4DC /* ModelSelectorView.swift */ = {isa = PBXFileReference; lastKnownFileType = sourcecode.swift; path = ModelSelectorView.swift; sourceTree = "<group>"; };
		FF10026C2B2751760011A4DC /* SettingsView.swift */ = {isa = PBXFileReference; lastKnownFileType = sourcecode.swift; path = SettingsView.swift; sourceTree = "<group>"; };
		FF1002722B276EC10011A4DC /* AppColorScheme.swift */ = {isa = PBXFileReference; lastKnownFileType = sourcecode.swift; path = AppColorScheme.swift; sourceTree = "<group>"; };
		FF1002742B278C170011A4DC /* AppStore.swift */ = {isa = PBXFileReference; lastKnownFileType = sourcecode.swift; path = AppStore.swift; sourceTree = "<group>"; };
		FF5FA0D52B35169400BC471D /* Binding+Extension.swift */ = {isa = PBXFileReference; lastKnownFileType = sourcecode.swift; path = "Binding+Extension.swift"; sourceTree = "<group>"; };
		FFB0327C2B312F3D0066A9DB /* RecordingView.swift */ = {isa = PBXFileReference; lastKnownFileType = sourcecode.swift; path = RecordingView.swift; sourceTree = "<group>"; };
		FFBBF4822B348345008D611C /* Info.plist */ = {isa = PBXFileReference; lastKnownFileType = text.plist; path = Info.plist; sourceTree = "<group>"; };
		FFBBF4832B34881B008D611C /* SpeechRecogniser.swift */ = {isa = PBXFileReference; lastKnownFileType = sourcecode.swift; path = SpeechRecogniser.swift; sourceTree = "<group>"; };
		FFBBF4872B34F9C8008D611C /* View+Extension.swift */ = {isa = PBXFileReference; lastKnownFileType = sourcecode.swift; path = "View+Extension.swift"; sourceTree = "<group>"; };
		FFBBF4892B350283008D611C /* SelectedImageView.swift */ = {isa = PBXFileReference; lastKnownFileType = sourcecode.swift; path = SelectedImageView.swift; sourceTree = "<group>"; };
		FFBBF48B2B35051D008D611C /* UIImage+Extension.swift */ = {isa = PBXFileReference; lastKnownFileType = sourcecode.swift; path = "UIImage+Extension.swift"; sourceTree = "<group>"; };
		FFBBF48D2B35054F008D611C /* OllamaKit */ = {isa = PBXFileReference; lastKnownFileType = wrapper; name = OllamaKit; path = ../OllamaKit; sourceTree = "<group>"; };
		FFEC328D2B24779A003E5C04 /* Enchanted.app */ = {isa = PBXFileReference; explicitFileType = wrapper.application; includeInIndex = 0; path = Enchanted.app; sourceTree = BUILT_PRODUCTS_DIR; };
		FFEC32902B24779A003E5C04 /* EnchantedApp.swift */ = {isa = PBXFileReference; lastKnownFileType = sourcecode.swift; path = EnchantedApp.swift; sourceTree = "<group>"; };
		FFEC32922B24779A003E5C04 /* ContentView.swift */ = {isa = PBXFileReference; lastKnownFileType = sourcecode.swift; path = ContentView.swift; sourceTree = "<group>"; };
		FFEC32942B24779A003E5C04 /* Item.swift */ = {isa = PBXFileReference; lastKnownFileType = sourcecode.swift; path = Item.swift; sourceTree = "<group>"; };
		FFEC32962B24779B003E5C04 /* Assets.xcassets */ = {isa = PBXFileReference; lastKnownFileType = folder.assetcatalog; path = Assets.xcassets; sourceTree = "<group>"; };
		FFEC32982B24779B003E5C04 /* Enchanted.entitlements */ = {isa = PBXFileReference; lastKnownFileType = text.plist.entitlements; path = Enchanted.entitlements; sourceTree = "<group>"; };
		FFEC329A2B24779B003E5C04 /* Preview Assets.xcassets */ = {isa = PBXFileReference; lastKnownFileType = folder.assetcatalog; path = "Preview Assets.xcassets"; sourceTree = "<group>"; };
		FFEC32A92B24797C003E5C04 /* ChatView.swift */ = {isa = PBXFileReference; lastKnownFileType = sourcecode.swift; path = ChatView.swift; sourceTree = "<group>"; };
/* End PBXFileReference section */

/* Begin PBXFrameworksBuildPhase section */
		FFEC328A2B24779A003E5C04 /* Frameworks */ = {
			isa = PBXFrameworksBuildPhase;
			buildActionMask = 2147483647;
			files = (
				FF10027A2B27B6070011A4DC /* MarkdownUI in Frameworks */,
				FF1002662B2653EE0011A4DC /* ActivityIndicatorView in Frameworks */,
				FF61C9632B2A7DC6003CD1CB /* OllamaKit in Frameworks */,
			);
			runOnlyForDeploymentPostprocessing = 0;
		};
/* End PBXFrameworksBuildPhase section */

/* Begin PBXGroup section */
		FF10022C2B2481790011A4DC /* Components */ = {
			isa = PBXGroup;
			children = (
				FFB0327B2B312F310066A9DB /* Recorder */,
				FF10022F2B2482BA0011A4DC /* ChatMessageView.swift */,
				FF1002532B261D460011A4DC /* MessageListVIew.swift */,
				FF10025F2B26499B0011A4DC /* ConversationStatusView.swift */,
				FF1002692B2731C60011A4DC /* ModelSelectorView.swift */,
				FFBBF4892B350283008D611C /* SelectedImageView.swift */,
			);
			path = Components;
			sourceTree = "<group>";
		};
		FF1002412B25BAAE0011A4DC /* SwiftData */ = {
			isa = PBXGroup;
			children = (
				FF1002482B25BE580011A4DC /* Models */,
			);
			path = SwiftData;
			sourceTree = "<group>";
		};
		FF1002422B25BAC50011A4DC /* Stores */ = {
			isa = PBXGroup;
			children = (
				FF1002742B278C170011A4DC /* AppStore.swift */,
				FF1002432B25BB730011A4DC /* ConversationStore.swift */,
				FF1002452B25BCE70011A4DC /* LanguageModelStore.swift */,
			);
			path = Stores;
			sourceTree = "<group>";
		};
		FF1002482B25BE580011A4DC /* Models */ = {
			isa = PBXGroup;
			children = (
				FF1002492B25BE740011A4DC /* LanguageModelSD.swift */,
				FF10024B2B25BEA00011A4DC /* MessageSD.swift */,
				FF10024D2B25C2A70011A4DC /* ConversationSD.swift */,
			);
			path = Models;
			sourceTree = "<group>";
		};
		FF1002552B2624790011A4DC /* Sidebar */ = {
			isa = PBXGroup;
			children = (
				FF1002562B2624800011A4DC /* Components */,
				FF10025B2B2625BE0011A4DC /* SidebarView.swift */,
			);
			path = Sidebar;
			sourceTree = "<group>";
		};
		FF1002562B2624800011A4DC /* Components */ = {
			isa = PBXGroup;
			children = (
				FF10023F2B24F7320011A4DC /* SideBarMenuView.swift */,
				FF1002592B2624C40011A4DC /* ConversationHistoryListView.swift */,
			);
			path = Components;
			sourceTree = "<group>";
		};
		FF10026B2B2751630011A4DC /* Settings */ = {
			isa = PBXGroup;
			children = (
				FF10026C2B2751760011A4DC /* SettingsView.swift */,
				FF0146CA2B3DA1DF00A2A9F6 /* Settings.swift */,
			);
			path = Settings;
			sourceTree = "<group>";
		};
		FFB0327B2B312F310066A9DB /* Recorder */ = {
			isa = PBXGroup;
			children = (
				FFB0327C2B312F3D0066A9DB /* RecordingView.swift */,
				FFBBF4832B34881B008D611C /* SpeechRecogniser.swift */,
			);
			path = Recorder;
			sourceTree = "<group>";
		};
		FFEC32842B24779A003E5C04 = {
			isa = PBXGroup;
			children = (
				FFBBF48D2B35054F008D611C /* OllamaKit */,
				FFEC328F2B24779A003E5C04 /* Enchanted */,
				FFEC328E2B24779A003E5C04 /* Products */,
			);
			sourceTree = "<group>";
		};
		FFEC328E2B24779A003E5C04 /* Products */ = {
			isa = PBXGroup;
			children = (
				FFEC328D2B24779A003E5C04 /* Enchanted.app */,
			);
			name = Products;
			sourceTree = "<group>";
		};
		FFEC328F2B24779A003E5C04 /* Enchanted */ = {
			isa = PBXGroup;
			children = (
				FFBBF4822B348345008D611C /* Info.plist */,
				FFEC32982B24779B003E5C04 /* Enchanted.entitlements */,
				FFEC32962B24779B003E5C04 /* Assets.xcassets */,
				FFEC32A12B24783B003E5C04 /* Application */,
				FFEC32A22B247858003E5C04 /* Extensions */,
				FFEC32A32B24786D003E5C04 /* Models */,
				FFEC32992B24779B003E5C04 /* Preview Content */,
				FFEC32A42B247874003E5C04 /* Services */,
				FF1002422B25BAC50011A4DC /* Stores */,
				FF1002412B25BAAE0011A4DC /* SwiftData */,
				FFEC32A52B247879003E5C04 /* UI */,
			);
			path = Enchanted;
			sourceTree = "<group>";
		};
		FFEC32992B24779B003E5C04 /* Preview Content */ = {
			isa = PBXGroup;
			children = (
				FFEC329A2B24779B003E5C04 /* Preview Assets.xcassets */,
			);
			path = "Preview Content";
			sourceTree = "<group>";
		};
		FFEC32A12B24783B003E5C04 /* Application */ = {
			isa = PBXGroup;
			children = (
				FFEC32902B24779A003E5C04 /* EnchantedApp.swift */,
				FFEC32922B24779A003E5C04 /* ContentView.swift */,
				FFEC32942B24779A003E5C04 /* Item.swift */,
			);
			path = Application;
			sourceTree = "<group>";
		};
		FFEC32A22B247858003E5C04 /* Extensions */ = {
			isa = PBXGroup;
			children = (
				FF1002312B2483A20011A4DC /* Colours+Extension.swift */,
				FF1002512B2609970011A4DC /* ModelContext+Extension.swift */,
				FF1002672B2668790011A4DC /* Date+Extension.swift */,
				FFBBF4872B34F9C8008D611C /* View+Extension.swift */,
				FFBBF48B2B35051D008D611C /* UIImage+Extension.swift */,
				FF5FA0D52B35169400BC471D /* Binding+Extension.swift */,
			);
			path = Extensions;
			sourceTree = "<group>";
		};
		FFEC32A32B24786D003E5C04 /* Models */ = {
			isa = PBXGroup;
			children = (
				FF10025D2B2648460011A4DC /* ConversationState.swift */,
				FF1002722B276EC10011A4DC /* AppColorScheme.swift */,
			);
			path = Models;
			sourceTree = "<group>";
		};
		FFEC32A42B247874003E5C04 /* Services */ = {
			isa = PBXGroup;
			children = (
				FF10023D2B24F4900011A4DC /* OllamaService.swift */,
				FF10024F2B25C79F0011A4DC /* SwiftDataService.swift */,
				FF0146CC2B3DADCA00A2A9F6 /* HapticsService.swift */,
			);
			path = Services;
			sourceTree = "<group>";
		};
		FFEC32A52B247879003E5C04 /* UI */ = {
			isa = PBXGroup;
			children = (
				FFEC32A72B247896003E5C04 /* Views */,
			);
			path = UI;
			sourceTree = "<group>";
		};
		FFEC32A72B247896003E5C04 /* Views */ = {
			isa = PBXGroup;
			children = (
				FFEC32A82B24795A003E5C04 /* Chat */,
				FF10026B2B2751630011A4DC /* Settings */,
				FF1002552B2624790011A4DC /* Sidebar */,
			);
			path = Views;
			sourceTree = "<group>";
		};
		FFEC32A82B24795A003E5C04 /* Chat */ = {
			isa = PBXGroup;
			children = (
				FF10022C2B2481790011A4DC /* Components */,
				FFEC32A92B24797C003E5C04 /* ChatView.swift */,
				FF1002382B24BBF20011A4DC /* Chat.swift */,
			);
			path = Chat;
			sourceTree = "<group>";
		};
/* End PBXGroup section */

/* Begin PBXNativeTarget section */
		FFEC328C2B24779A003E5C04 /* Enchanted */ = {
			isa = PBXNativeTarget;
			buildConfigurationList = FFEC329E2B24779B003E5C04 /* Build configuration list for PBXNativeTarget "Enchanted" */;
			buildPhases = (
				FFEC32892B24779A003E5C04 /* Sources */,
				FFEC328A2B24779A003E5C04 /* Frameworks */,
				FFEC328B2B24779A003E5C04 /* Resources */,
			);
			buildRules = (
			);
			dependencies = (
			);
			name = Enchanted;
			packageProductDependencies = (
				FF1002652B2653EE0011A4DC /* ActivityIndicatorView */,
				FF1002792B27B6070011A4DC /* MarkdownUI */,
				FF61C9622B2A7DC6003CD1CB /* OllamaKit */,
			);
			productName = Enchanted;
			productReference = FFEC328D2B24779A003E5C04 /* Enchanted.app */;
			productType = "com.apple.product-type.application";
		};
/* End PBXNativeTarget section */

/* Begin PBXProject section */
		FFEC32852B24779A003E5C04 /* Project object */ = {
			isa = PBXProject;
			attributes = {
				BuildIndependentTargetsInParallel = 1;
				LastSwiftUpdateCheck = 1500;
				LastUpgradeCheck = 1510;
				TargetAttributes = {
					FFEC328C2B24779A003E5C04 = {
						CreatedOnToolsVersion = 15.0.1;
					};
				};
			};
			buildConfigurationList = FFEC32882B24779A003E5C04 /* Build configuration list for PBXProject "Enchanted" */;
			compatibilityVersion = "Xcode 14.0";
			developmentRegion = en;
			hasScannedForEncodings = 0;
			knownRegions = (
				en,
				Base,
			);
			mainGroup = FFEC32842B24779A003E5C04;
			packageReferences = (
				FF1002642B2653EE0011A4DC /* XCRemoteSwiftPackageReference "ActivityIndicatorView" */,
				FF1002782B27B6070011A4DC /* XCRemoteSwiftPackageReference "swift-markdown-ui" */,
				FF61C9612B2A7DC6003CD1CB /* XCRemoteSwiftPackageReference "OllamaKit" */,
			);
			productRefGroup = FFEC328E2B24779A003E5C04 /* Products */;
			projectDirPath = "";
			projectRoot = "";
			targets = (
				FFEC328C2B24779A003E5C04 /* Enchanted */,
			);
		};
/* End PBXProject section */

/* Begin PBXResourcesBuildPhase section */
		FFEC328B2B24779A003E5C04 /* Resources */ = {
			isa = PBXResourcesBuildPhase;
			buildActionMask = 2147483647;
			files = (
				FFEC329B2B24779B003E5C04 /* Preview Assets.xcassets in Resources */,
				FFEC32972B24779B003E5C04 /* Assets.xcassets in Resources */,
			);
			runOnlyForDeploymentPostprocessing = 0;
		};
/* End PBXResourcesBuildPhase section */

/* Begin PBXSourcesBuildPhase section */
		FFEC32892B24779A003E5C04 /* Sources */ = {
			isa = PBXSourcesBuildPhase;
			buildActionMask = 2147483647;
			files = (
				FF1002442B25BB730011A4DC /* ConversationStore.swift in Sources */,
				FF1002602B26499B0011A4DC /* ConversationStatusView.swift in Sources */,
				FF10024C2B25BEA00011A4DC /* MessageSD.swift in Sources */,
				FF10023E2B24F4900011A4DC /* OllamaService.swift in Sources */,
				FFBBF48C2B35051D008D611C /* UIImage+Extension.swift in Sources */,
				FF1002302B2482BA0011A4DC /* ChatMessageView.swift in Sources */,
				FF1002322B2483A20011A4DC /* Colours+Extension.swift in Sources */,
				FF10026A2B2731C60011A4DC /* ModelSelectorView.swift in Sources */,
				FFBBF48A2B350283008D611C /* SelectedImageView.swift in Sources */,
				FF0146CB2B3DA1DF00A2A9F6 /* Settings.swift in Sources */,
				FF1002682B2668790011A4DC /* Date+Extension.swift in Sources */,
				FF1002462B25BCE70011A4DC /* LanguageModelStore.swift in Sources */,
				FF10025C2B2625BE0011A4DC /* SidebarView.swift in Sources */,
				FF1002392B24BBF20011A4DC /* Chat.swift in Sources */,
				FFB0327D2B312F3D0066A9DB /* RecordingView.swift in Sources */,
				FF10024A2B25BE740011A4DC /* LanguageModelSD.swift in Sources */,
				FF1002402B24F7320011A4DC /* SideBarMenuView.swift in Sources */,
				FFBBF4882B34F9C8008D611C /* View+Extension.swift in Sources */,
				FFBBF4842B34881B008D611C /* SpeechRecogniser.swift in Sources */,
				FFEC32AA2B24797C003E5C04 /* ChatView.swift in Sources */,
				FF0146CD2B3DADCA00A2A9F6 /* HapticsService.swift in Sources */,
				FFEC32932B24779A003E5C04 /* ContentView.swift in Sources */,
				FFEC32952B24779A003E5C04 /* Item.swift in Sources */,
				FF5FA0D62B35169400BC471D /* Binding+Extension.swift in Sources */,
				FF1002502B25C79F0011A4DC /* SwiftDataService.swift in Sources */,
				FF10025A2B2624C40011A4DC /* ConversationHistoryListView.swift in Sources */,
				FF10026D2B2751760011A4DC /* SettingsView.swift in Sources */,
				FF1002542B261D460011A4DC /* MessageListVIew.swift in Sources */,
				FF10024E2B25C2A70011A4DC /* ConversationSD.swift in Sources */,
				FFEC32912B24779A003E5C04 /* EnchantedApp.swift in Sources */,
				FF1002522B2609980011A4DC /* ModelContext+Extension.swift in Sources */,
				FF1002752B278C170011A4DC /* AppStore.swift in Sources */,
				FF1002732B276EC10011A4DC /* AppColorScheme.swift in Sources */,
				FF10025E2B2648460011A4DC /* ConversationState.swift in Sources */,
			);
			runOnlyForDeploymentPostprocessing = 0;
		};
/* End PBXSourcesBuildPhase section */

/* Begin XCBuildConfiguration section */
		FFEC329C2B24779B003E5C04 /* Debug */ = {
			isa = XCBuildConfiguration;
			buildSettings = {
				ALWAYS_SEARCH_USER_PATHS = NO;
				ASSETCATALOG_COMPILER_GENERATE_SWIFT_ASSET_SYMBOL_EXTENSIONS = YES;
				CLANG_ANALYZER_NONNULL = YES;
				CLANG_ANALYZER_NUMBER_OBJECT_CONVERSION = YES_AGGRESSIVE;
				CLANG_CXX_LANGUAGE_STANDARD = "gnu++20";
				CLANG_ENABLE_MODULES = YES;
				CLANG_ENABLE_OBJC_ARC = YES;
				CLANG_ENABLE_OBJC_WEAK = YES;
				CLANG_WARN_BLOCK_CAPTURE_AUTORELEASING = YES;
				CLANG_WARN_BOOL_CONVERSION = YES;
				CLANG_WARN_COMMA = YES;
				CLANG_WARN_CONSTANT_CONVERSION = YES;
				CLANG_WARN_DEPRECATED_OBJC_IMPLEMENTATIONS = YES;
				CLANG_WARN_DIRECT_OBJC_ISA_USAGE = YES_ERROR;
				CLANG_WARN_DOCUMENTATION_COMMENTS = YES;
				CLANG_WARN_EMPTY_BODY = YES;
				CLANG_WARN_ENUM_CONVERSION = YES;
				CLANG_WARN_INFINITE_RECURSION = YES;
				CLANG_WARN_INT_CONVERSION = YES;
				CLANG_WARN_NON_LITERAL_NULL_CONVERSION = YES;
				CLANG_WARN_OBJC_IMPLICIT_RETAIN_SELF = YES;
				CLANG_WARN_OBJC_LITERAL_CONVERSION = YES;
				CLANG_WARN_OBJC_ROOT_CLASS = YES_ERROR;
				CLANG_WARN_QUOTED_INCLUDE_IN_FRAMEWORK_HEADER = YES;
				CLANG_WARN_RANGE_LOOP_ANALYSIS = YES;
				CLANG_WARN_STRICT_PROTOTYPES = YES;
				CLANG_WARN_SUSPICIOUS_MOVE = YES;
				CLANG_WARN_UNGUARDED_AVAILABILITY = YES_AGGRESSIVE;
				CLANG_WARN_UNREACHABLE_CODE = YES;
				CLANG_WARN__DUPLICATE_METHOD_MATCH = YES;
				COPY_PHASE_STRIP = NO;
				DEAD_CODE_STRIPPING = YES;
				DEBUG_INFORMATION_FORMAT = dwarf;
				ENABLE_STRICT_OBJC_MSGSEND = YES;
				ENABLE_TESTABILITY = YES;
				ENABLE_USER_SCRIPT_SANDBOXING = YES;
				GCC_C_LANGUAGE_STANDARD = gnu17;
				GCC_DYNAMIC_NO_PIC = NO;
				GCC_NO_COMMON_BLOCKS = YES;
				GCC_OPTIMIZATION_LEVEL = 0;
				GCC_PREPROCESSOR_DEFINITIONS = (
					"DEBUG=1",
					"$(inherited)",
				);
				GCC_WARN_64_TO_32_BIT_CONVERSION = YES;
				GCC_WARN_ABOUT_RETURN_TYPE = YES_ERROR;
				GCC_WARN_UNDECLARED_SELECTOR = YES;
				GCC_WARN_UNINITIALIZED_AUTOS = YES_AGGRESSIVE;
				GCC_WARN_UNUSED_FUNCTION = YES;
				GCC_WARN_UNUSED_VARIABLE = YES;
				LOCALIZATION_PREFERS_STRING_CATALOGS = YES;
				MTL_ENABLE_DEBUG_INFO = INCLUDE_SOURCE;
				MTL_FAST_MATH = YES;
				ONLY_ACTIVE_ARCH = YES;
				SWIFT_ACTIVE_COMPILATION_CONDITIONS = "DEBUG $(inherited)";
				SWIFT_OPTIMIZATION_LEVEL = "-Onone";
			};
			name = Debug;
		};
		FFEC329D2B24779B003E5C04 /* Release */ = {
			isa = XCBuildConfiguration;
			buildSettings = {
				ALWAYS_SEARCH_USER_PATHS = NO;
				ASSETCATALOG_COMPILER_GENERATE_SWIFT_ASSET_SYMBOL_EXTENSIONS = YES;
				CLANG_ANALYZER_NONNULL = YES;
				CLANG_ANALYZER_NUMBER_OBJECT_CONVERSION = YES_AGGRESSIVE;
				CLANG_CXX_LANGUAGE_STANDARD = "gnu++20";
				CLANG_ENABLE_MODULES = YES;
				CLANG_ENABLE_OBJC_ARC = YES;
				CLANG_ENABLE_OBJC_WEAK = YES;
				CLANG_WARN_BLOCK_CAPTURE_AUTORELEASING = YES;
				CLANG_WARN_BOOL_CONVERSION = YES;
				CLANG_WARN_COMMA = YES;
				CLANG_WARN_CONSTANT_CONVERSION = YES;
				CLANG_WARN_DEPRECATED_OBJC_IMPLEMENTATIONS = YES;
				CLANG_WARN_DIRECT_OBJC_ISA_USAGE = YES_ERROR;
				CLANG_WARN_DOCUMENTATION_COMMENTS = YES;
				CLANG_WARN_EMPTY_BODY = YES;
				CLANG_WARN_ENUM_CONVERSION = YES;
				CLANG_WARN_INFINITE_RECURSION = YES;
				CLANG_WARN_INT_CONVERSION = YES;
				CLANG_WARN_NON_LITERAL_NULL_CONVERSION = YES;
				CLANG_WARN_OBJC_IMPLICIT_RETAIN_SELF = YES;
				CLANG_WARN_OBJC_LITERAL_CONVERSION = YES;
				CLANG_WARN_OBJC_ROOT_CLASS = YES_ERROR;
				CLANG_WARN_QUOTED_INCLUDE_IN_FRAMEWORK_HEADER = YES;
				CLANG_WARN_RANGE_LOOP_ANALYSIS = YES;
				CLANG_WARN_STRICT_PROTOTYPES = YES;
				CLANG_WARN_SUSPICIOUS_MOVE = YES;
				CLANG_WARN_UNGUARDED_AVAILABILITY = YES_AGGRESSIVE;
				CLANG_WARN_UNREACHABLE_CODE = YES;
				CLANG_WARN__DUPLICATE_METHOD_MATCH = YES;
				COPY_PHASE_STRIP = NO;
				DEAD_CODE_STRIPPING = YES;
				DEBUG_INFORMATION_FORMAT = "dwarf-with-dsym";
				ENABLE_NS_ASSERTIONS = NO;
				ENABLE_STRICT_OBJC_MSGSEND = YES;
				ENABLE_USER_SCRIPT_SANDBOXING = YES;
				GCC_C_LANGUAGE_STANDARD = gnu17;
				GCC_NO_COMMON_BLOCKS = YES;
				GCC_WARN_64_TO_32_BIT_CONVERSION = YES;
				GCC_WARN_ABOUT_RETURN_TYPE = YES_ERROR;
				GCC_WARN_UNDECLARED_SELECTOR = YES;
				GCC_WARN_UNINITIALIZED_AUTOS = YES_AGGRESSIVE;
				GCC_WARN_UNUSED_FUNCTION = YES;
				GCC_WARN_UNUSED_VARIABLE = YES;
				LOCALIZATION_PREFERS_STRING_CATALOGS = YES;
				MTL_ENABLE_DEBUG_INFO = NO;
				MTL_FAST_MATH = YES;
				SWIFT_COMPILATION_MODE = wholemodule;
			};
			name = Release;
		};
		FFEC329F2B24779B003E5C04 /* Debug */ = {
			isa = XCBuildConfiguration;
			buildSettings = {
				ASSETCATALOG_COMPILER_APPICON_NAME = AppIcon;
				ASSETCATALOG_COMPILER_GLOBAL_ACCENT_COLOR_NAME = AccentColor;
				ASSETCATALOG_COMPILER_INCLUDE_ALL_APPICON_ASSETS = YES;
				CODE_SIGN_ENTITLEMENTS = Enchanted/Enchanted.entitlements;
				CODE_SIGN_STYLE = Automatic;
				CURRENT_PROJECT_VERSION = 1;
				DEAD_CODE_STRIPPING = YES;
				DEVELOPMENT_ASSET_PATHS = "\"Enchanted/Preview Content\"";
				DEVELOPMENT_TEAM = JDDZ55DT74;
				ENABLE_HARDENED_RUNTIME = YES;
				ENABLE_PREVIEWS = YES;
				GENERATE_INFOPLIST_FILE = YES;
				INFOPLIST_FILE = Enchanted/Info.plist;
				INFOPLIST_KEY_LSApplicationCategoryType = "public.app-category.developer-tools";
				INFOPLIST_KEY_NSMicrophoneUsageDescription = "Audio is recorded to transcribe text. Recording is discarded after transcription.";
				INFOPLIST_KEY_NSSpeechRecognitionUsageDescription = "You can view a text transcription of your meeting in the app.";
				"INFOPLIST_KEY_UIApplicationSceneManifest_Generation[sdk=iphoneos*]" = YES;
				"INFOPLIST_KEY_UIApplicationSceneManifest_Generation[sdk=iphonesimulator*]" = YES;
				"INFOPLIST_KEY_UIApplicationSupportsIndirectInputEvents[sdk=iphoneos*]" = YES;
				"INFOPLIST_KEY_UIApplicationSupportsIndirectInputEvents[sdk=iphonesimulator*]" = YES;
				"INFOPLIST_KEY_UILaunchScreen_Generation[sdk=iphoneos*]" = YES;
				"INFOPLIST_KEY_UILaunchScreen_Generation[sdk=iphonesimulator*]" = YES;
				"INFOPLIST_KEY_UIStatusBarStyle[sdk=iphoneos*]" = UIStatusBarStyleDefault;
				"INFOPLIST_KEY_UIStatusBarStyle[sdk=iphonesimulator*]" = UIStatusBarStyleDefault;
				INFOPLIST_KEY_UISupportedInterfaceOrientations_iPad = "UIInterfaceOrientationPortrait UIInterfaceOrientationPortraitUpsideDown UIInterfaceOrientationLandscapeLeft UIInterfaceOrientationLandscapeRight";
				INFOPLIST_KEY_UISupportedInterfaceOrientations_iPhone = "UIInterfaceOrientationPortrait UIInterfaceOrientationLandscapeLeft UIInterfaceOrientationLandscapeRight";
				IPHONEOS_DEPLOYMENT_TARGET = 17.0;
				LD_RUNPATH_SEARCH_PATHS = "@executable_path/Frameworks";
				"LD_RUNPATH_SEARCH_PATHS[sdk=macosx*]" = "@executable_path/../Frameworks";
				MACOSX_DEPLOYMENT_TARGET = 14.0;
				MARKETING_VERSION = 1.1.0;
				PRODUCT_BUNDLE_IDENTIFIER = subj.Enchanted;
				PRODUCT_NAME = "$(TARGET_NAME)";
				SDKROOT = auto;
				SUPPORTED_PLATFORMS = "iphoneos iphonesimulator";
				SUPPORTS_MACCATALYST = NO;
				SWIFT_EMIT_LOC_STRINGS = YES;
				SWIFT_VERSION = 5.0;
				TARGETED_DEVICE_FAMILY = "1,2";
			};
			name = Debug;
		};
		FFEC32A02B24779B003E5C04 /* Release */ = {
			isa = XCBuildConfiguration;
			buildSettings = {
				ASSETCATALOG_COMPILER_APPICON_NAME = AppIcon;
				ASSETCATALOG_COMPILER_GLOBAL_ACCENT_COLOR_NAME = AccentColor;
				ASSETCATALOG_COMPILER_INCLUDE_ALL_APPICON_ASSETS = YES;
				CODE_SIGN_ENTITLEMENTS = Enchanted/Enchanted.entitlements;
				CODE_SIGN_STYLE = Automatic;
				CURRENT_PROJECT_VERSION = 1;
				DEAD_CODE_STRIPPING = YES;
				DEVELOPMENT_ASSET_PATHS = "\"Enchanted/Preview Content\"";
				DEVELOPMENT_TEAM = JDDZ55DT74;
				ENABLE_HARDENED_RUNTIME = YES;
				ENABLE_PREVIEWS = YES;
				GENERATE_INFOPLIST_FILE = YES;
				INFOPLIST_FILE = Enchanted/Info.plist;
				INFOPLIST_KEY_LSApplicationCategoryType = "public.app-category.developer-tools";
				INFOPLIST_KEY_NSMicrophoneUsageDescription = "Audio is recorded to transcribe text. Recording is discarded after transcription.";
				INFOPLIST_KEY_NSSpeechRecognitionUsageDescription = "You can view a text transcription of your meeting in the app.";
				"INFOPLIST_KEY_UIApplicationSceneManifest_Generation[sdk=iphoneos*]" = YES;
				"INFOPLIST_KEY_UIApplicationSceneManifest_Generation[sdk=iphonesimulator*]" = YES;
				"INFOPLIST_KEY_UIApplicationSupportsIndirectInputEvents[sdk=iphoneos*]" = YES;
				"INFOPLIST_KEY_UIApplicationSupportsIndirectInputEvents[sdk=iphonesimulator*]" = YES;
				"INFOPLIST_KEY_UILaunchScreen_Generation[sdk=iphoneos*]" = YES;
				"INFOPLIST_KEY_UILaunchScreen_Generation[sdk=iphonesimulator*]" = YES;
				"INFOPLIST_KEY_UIStatusBarStyle[sdk=iphoneos*]" = UIStatusBarStyleDefault;
				"INFOPLIST_KEY_UIStatusBarStyle[sdk=iphonesimulator*]" = UIStatusBarStyleDefault;
				INFOPLIST_KEY_UISupportedInterfaceOrientations_iPad = "UIInterfaceOrientationPortrait UIInterfaceOrientationPortraitUpsideDown UIInterfaceOrientationLandscapeLeft UIInterfaceOrientationLandscapeRight";
				INFOPLIST_KEY_UISupportedInterfaceOrientations_iPhone = "UIInterfaceOrientationPortrait UIInterfaceOrientationLandscapeLeft UIInterfaceOrientationLandscapeRight";
				IPHONEOS_DEPLOYMENT_TARGET = 17.0;
				LD_RUNPATH_SEARCH_PATHS = "@executable_path/Frameworks";
				"LD_RUNPATH_SEARCH_PATHS[sdk=macosx*]" = "@executable_path/../Frameworks";
				MACOSX_DEPLOYMENT_TARGET = 14.0;
				MARKETING_VERSION = 1.1.0;
				PRODUCT_BUNDLE_IDENTIFIER = subj.Enchanted;
				PRODUCT_NAME = "$(TARGET_NAME)";
				SDKROOT = auto;
				SUPPORTED_PLATFORMS = "iphoneos iphonesimulator";
				SUPPORTS_MACCATALYST = NO;
				SWIFT_EMIT_LOC_STRINGS = YES;
				SWIFT_VERSION = 5.0;
				TARGETED_DEVICE_FAMILY = "1,2";
			};
			name = Release;
		};
/* End XCBuildConfiguration section */

/* Begin XCConfigurationList section */
		FFEC32882B24779A003E5C04 /* Build configuration list for PBXProject "Enchanted" */ = {
			isa = XCConfigurationList;
			buildConfigurations = (
				FFEC329C2B24779B003E5C04 /* Debug */,
				FFEC329D2B24779B003E5C04 /* Release */,
			);
			defaultConfigurationIsVisible = 0;
			defaultConfigurationName = Release;
		};
		FFEC329E2B24779B003E5C04 /* Build configuration list for PBXNativeTarget "Enchanted" */ = {
			isa = XCConfigurationList;
			buildConfigurations = (
				FFEC329F2B24779B003E5C04 /* Debug */,
				FFEC32A02B24779B003E5C04 /* Release */,
			);
			defaultConfigurationIsVisible = 0;
			defaultConfigurationName = Release;
		};
/* End XCConfigurationList section */

/* Begin XCRemoteSwiftPackageReference section */
		FF1002642B2653EE0011A4DC /* XCRemoteSwiftPackageReference "ActivityIndicatorView" */ = {
			isa = XCRemoteSwiftPackageReference;
			repositoryURL = "https://github.com/exyte/ActivityIndicatorView.git";
			requirement = {
				kind = upToNextMajorVersion;
				minimumVersion = 1.1.1;
			};
		};
		FF1002782B27B6070011A4DC /* XCRemoteSwiftPackageReference "swift-markdown-ui" */ = {
			isa = XCRemoteSwiftPackageReference;
			repositoryURL = "https://github.com/gonzalezreal/swift-markdown-ui";
			requirement = {
				kind = upToNextMajorVersion;
				minimumVersion = 2.2.0;
			};
		};
		FF61C9612B2A7DC6003CD1CB /* XCRemoteSwiftPackageReference "OllamaKit" */ = {
			isa = XCRemoteSwiftPackageReference;
			repositoryURL = "git@github.com:AugustDev/OllamaKit.git";
			requirement = {
				branch = main;
				kind = branch;
			};
		};
/* End XCRemoteSwiftPackageReference section */

/* Begin XCSwiftPackageProductDependency section */
		FF1002652B2653EE0011A4DC /* ActivityIndicatorView */ = {
			isa = XCSwiftPackageProductDependency;
			package = FF1002642B2653EE0011A4DC /* XCRemoteSwiftPackageReference "ActivityIndicatorView" */;
			productName = ActivityIndicatorView;
		};
		FF1002792B27B6070011A4DC /* MarkdownUI */ = {
			isa = XCSwiftPackageProductDependency;
			package = FF1002782B27B6070011A4DC /* XCRemoteSwiftPackageReference "swift-markdown-ui" */;
			productName = MarkdownUI;
		};
		FF61C9622B2A7DC6003CD1CB /* OllamaKit */ = {
			isa = XCSwiftPackageProductDependency;
			package = FF61C9612B2A7DC6003CD1CB /* XCRemoteSwiftPackageReference "OllamaKit" */;
			productName = OllamaKit;
		};
/* End XCSwiftPackageProductDependency section */
	};
	rootObject = FFEC32852B24779A003E5C04 /* Project object */;
}
